{
  "nodes": {
    "cmp-buffer": {
      "flake": false,
      "locked": {
        "lastModified": 1637614482,
        "narHash": "sha256-FdWs15eTad4igwN5F5+CKxSMQi9eX07BXjM/HgTIURc=",
        "owner": "hrsh7th",
        "repo": "cmp-buffer",
        "rev": "a706dc69c49110038fe570e5c9c33d6d4f67015b",
        "type": "github"
      },
      "original": {
        "owner": "hrsh7th",
        "repo": "cmp-buffer",
        "type": "github"
      }
    },
    "cmp-cmdline": {
      "flake": false,
      "locked": {
        "lastModified": 1637568490,
        "narHash": "sha256-cHJfaxBcgb+VApPima+2jP7Cmv8P/KUuSijUzzvx8g8=",
        "owner": "hrsh7th",
        "repo": "cmp-cmdline",
        "rev": "e5aa12620b6cae9ba5ce27aed2c47a99b81f004f",
        "type": "github"
      },
      "original": {
        "owner": "hrsh7th",
        "repo": "cmp-cmdline",
        "type": "github"
      }
    },
    "cmp-nvim-lsp": {
      "flake": false,
      "locked": {
        "lastModified": 1636543770,
        "narHash": "sha256-jLfW4xoYnEOWa7oWSmkB7vNxu9Jgttbme+nTiAC92so=",
        "owner": "hrsh7th",
        "repo": "cmp-nvim-lsp",
        "rev": "134117299ff9e34adde30a735cd8ca9cf8f3db81",
        "type": "github"
      },
      "original": {
        "owner": "hrsh7th",
        "repo": "cmp-nvim-lsp",
        "type": "github"
      }
    },
    "cmp-path": {
      "flake": false,
      "locked": {
        "lastModified": 1637379532,
        "narHash": "sha256-0qNHc11+FqVZGEqPJqfKqsfkfGueZ0Y9uYJ7dsDqYYY=",
        "owner": "hrsh7th",
        "repo": "cmp-path",
        "rev": "81518cf6ae29f5f0c79cd47770ae90ff5225ee13",
        "type": "github"
      },
      "original": {
        "owner": "hrsh7th",
        "repo": "cmp-path",
        "type": "github"
      }
    },
    "flake-utils": {
      "locked": {
        "lastModified": 1637014545,
        "narHash": "sha256-26IZAc5yzlD9FlDT54io1oqG/bBoyka+FJk5guaX4x4=",
        "owner": "numtide",
        "repo": "flake-utils",
        "rev": "bba5dcc8e0b20ab664967ad83d24d64cb64ec4f4",
        "type": "github"
      },
      "original": {
        "owner": "numtide",
        "repo": "flake-utils",
        "type": "github"
      }
    },
    "fugitive": {
      "flake": false,
      "locked": {
        "lastModified": 1637605461,
        "narHash": "sha256-+91bVQ5YYzbXW6rr8M4YJ8+pomV3qsRG4+9BWbnutHA=",
        "owner": "tpope",
        "repo": "vim-fugitive",
        "rev": "e82332ee9e140d8959d0b654d2b1c659641ea6d3",
        "type": "github"
      },
      "original": {
        "owner": "tpope",
        "repo": "vim-fugitive",
        "type": "github"
      }
    },
    "home-manager": {
      "inputs": {
        "nixpkgs": [
          "nixpkgs"
        ]
      },
      "locked": {
        "lastModified": 1637188941,
        "narHash": "sha256-4aA5iNVhSDbKjsPeG4n0SvfPQ3sd9ve23b05bVztSq4=",
        "owner": "nix-community",
        "repo": "home-manager",
        "rev": "d85bf67c48f5c64ca39d3d48375e742e16933f4f",
        "type": "github"
      },
      "original": {
        "owner": "nix-community",
        "repo": "home-manager",
        "type": "github"
      }
    },
    "lualine-nvim": {
      "flake": false,
      "locked": {
        "lastModified": 1637588473,
        "narHash": "sha256-dlUVkkKsEk9oEoBy05wHF9QxzCVVi/AzmlNZrxhh2/A=",
        "owner": "nvim-lualine",
        "repo": "lualine.nvim",
        "rev": "17668aa19d369f2cc628db885ecfae576171e7c4",
        "type": "github"
      },
      "original": {
        "owner": "nvim-lualine",
        "repo": "lualine.nvim",
        "type": "github"
      }
    },
    "luasnip": {
      "flake": false,
      "locked": {
        "lastModified": 1637190605,
        "narHash": "sha256-/igENgj3s/yE8zQ3UObl8wMfAwMgHdTc1lEXS3ehK1Q=",
        "owner": "L3MON4D3",
        "repo": "LuaSnip",
        "rev": "f400b978b1dbca96e9e190b7009c415c09b8924c",
        "type": "github"
      },
      "original": {
        "owner": "L3MON4D3",
        "repo": "LuaSnip",
        "type": "github"
      }
    },
    "mosh-flake": {
      "inputs": {
        "flake-utils": [
          "flake-utils"
        ],
        "mosh-src": "mosh-src",
        "nixpkgs": [
          "nixpkgs"
        ]
      },
      "locked": {
        "narHash": "sha256-ewQoK2hVrzlN3LjSKQnXXJO0xIqxujAASccptEIOE9Y=",
        "path": "./flakes/mosh",
        "type": "path"
      },
      "original": {
        "path": "./flakes/mosh",
        "type": "path"
      }
    },
    "mosh-src": {
      "flake": false,
      "locked": {
        "lastModified": 1636044370,
        "narHash": "sha256-RUJRqeVG00q3cwbdFGosDIb9v/nt1xf85YBwo6jvLmM=",
        "owner": "mobile-shell",
        "repo": "mosh",
        "rev": "6b2ffa904d8d294657be641780adcd8dfc859bc3",
        "type": "github"
      },
      "original": {
        "owner": "mobile-shell",
        "ref": "master",
        "repo": "mosh",
        "type": "github"
      }
    },
    "neovim-flake": {
      "inputs": {
        "cmp-buffer": "cmp-buffer",
        "cmp-cmdline": "cmp-cmdline",
        "cmp-nvim-lsp": "cmp-nvim-lsp",
        "cmp-path": "cmp-path",
        "flake-utils": [
          "flake-utils"
        ],
        "fugitive": "fugitive",
        "lualine-nvim": "lualine-nvim",
        "luasnip": "luasnip",
        "neovim-nightly": "neovim-nightly",
        "nerd-commenter": "nerd-commenter",
        "nerd-tree": "nerd-tree",
        "nixpkgs": [
          "nixpkgs"
        ],
        "nvim-cmp": "nvim-cmp",
        "nvim-lspconfig": "nvim-lspconfig",
        "nvim-treesitter": "nvim-treesitter",
        "plenary": "plenary",
        "rust-tools-nvim": "rust-tools-nvim",
        "telescope": "telescope",
        "telescope-fzy-native": "telescope-fzy-native",
        "tokyonight-nvim": "tokyonight-nvim",
        "vim-glsl": "vim-glsl",
        "vim-nix": "vim-nix",
        "vim-rooter": "vim-rooter",
        "vim-sensible": "vim-sensible",
        "vim-surround": "vim-surround"
      },
      "locked": {
        "narHash": "sha256-4O1mQAuK3KI6ntmfu3NqFu9/Jz8BL/F690BHxBMS3ZM=",
        "path": "./flakes/neovim",
        "type": "path"
      },
      "original": {
        "path": "./flakes/neovim",
        "type": "path"
      }
    },
    "neovim-nightly": {
      "inputs": {
        "flake-utils": [
          "neovim-flake",
          "flake-utils"
        ],
        "nixpkgs": [
          "neovim-flake",
          "nixpkgs"
        ]
      },
      "locked": {
        "dir": "contrib",
        "lastModified": 1636384973,
        "narHash": "sha256-xl05XNVgj55cJTmWu7ft3nACOdFkrm3Hn7DKcxWku7M=",
        "owner": "neovim",
        "repo": "neovim",
        "rev": "4174244d8b6718c703f8b8d3e907809bde9430bd",
        "type": "github"
      },
      "original": {
        "dir": "contrib",
        "owner": "neovim",
        "repo": "neovim",
        "type": "github"
      }
    },
    "nerd-commenter": {
      "flake": false,
      "locked": {
        "lastModified": 1637775487,
        "narHash": "sha256-lnp6qi/Lyq3Z0s4FKETIpMYnQ0/OAnvFZsufTYRO6Ec=",
        "owner": "preservim",
        "repo": "nerdcommenter",
        "rev": "13d00954a6cb2d22b3fb4f773f4e91acc928f2f8",
        "type": "github"
      },
      "original": {
        "owner": "preservim",
        "repo": "nerdcommenter",
        "type": "github"
      }
    },
    "nerd-tree": {
      "flake": false,
      "locked": {
        "lastModified": 1635480963,
        "narHash": "sha256-U2VcQMfxgXBAHaEOBMovIdISmomh8Ki+SFbem6iwnkI=",
        "owner": "preservim",
        "repo": "nerdtree",
        "rev": "eed488b1cd1867bd25f19f90e10440c5cc7d6424",
        "type": "github"
      },
      "original": {
        "owner": "preservim",
        "repo": "nerdtree",
        "type": "github"
      }
    },
    "nixpkgs": {
      "locked": {
        "lastModified": 1637218689,
        "narHash": "sha256-P8mo8ZVS+xfxdYcoOCAAxPQ2MnEbFaXAea/qAFfoQ60=",
        "owner": "nixos",
        "repo": "nixpkgs",
        "rev": "c89cf3325bca7a43608f9649f79f49e954345f69",
        "type": "github"
      },
      "original": {
        "owner": "nixos",
        "repo": "nixpkgs",
        "type": "github"
      }
    },
    "nvim-cmp": {
      "flake": false,
      "locked": {
        "lastModified": 1637726224,
        "narHash": "sha256-hCPZiJCzeNre7z8e+/+HVOsg2TOPHk9o5kAtHW3rW9M=",
        "owner": "hrsh7th",
        "repo": "nvim-cmp",
        "rev": "2e4270d02843d15510b3549354e238788ca07ca5",
        "type": "github"
      },
      "original": {
        "owner": "hrsh7th",
        "repo": "nvim-cmp",
        "type": "github"
      }
    },
    "nvim-lspconfig": {
      "flake": false,
      "locked": {
        "lastModified": 1637797949,
        "narHash": "sha256-YF4sUkbkWWwk+urMy18SRXelWO+xIUIvVHKJ0PnVQgA=",
        "owner": "neovim",
        "repo": "nvim-lspconfig",
        "rev": "8b0176da95494f245f7cd7d630bc63303031ce8a",
        "type": "github"
      },
      "original": {
        "owner": "neovim",
        "repo": "nvim-lspconfig",
        "type": "github"
      }
    },
    "nvim-treesitter": {
      "flake": false,
      "locked": {
        "lastModified": 1637773789,
        "narHash": "sha256-7SP5JpKu84dM+EYIJ5Zhc8cK6RJdhwlWmIMN4lJW/Aw=",
        "owner": "nvim-treesitter",
        "repo": "nvim-treesitter",
        "rev": "1f68918e096209da42a7b1ea3fbd8cb79fa9f3e5",
        "type": "github"
      },
      "original": {
        "owner": "nvim-treesitter",
        "repo": "nvim-treesitter",
        "type": "github"
      }
    },
    "plenary": {
      "flake": false,
      "locked": {
        "lastModified": 1636882608,
        "narHash": "sha256-JAy4VL/jU+j3pxTvdbe5BlIwdEix4uA1xHxQCKYyqxw=",
        "owner": "nvim-lua",
        "repo": "plenary.nvim",
        "rev": "1c31adb35fcebe921f65e5c6ff6d5481fa5fa5ac",
        "type": "github"
      },
      "original": {
        "owner": "nvim-lua",
        "repo": "plenary.nvim",
        "type": "github"
      }
    },
    "root": {
      "inputs": {
        "flake-utils": "flake-utils",
        "home-manager": "home-manager",
        "mosh-flake": "mosh-flake",
        "neovim-flake": "neovim-flake",
        "nixpkgs": "nixpkgs"
      }
    },
    "rust-tools-nvim": {
      "flake": false,
      "locked": {
        "lastModified": 1637096358,
        "narHash": "sha256-vCa5j0dCvk19zizl5+K9+0FLcbkSsTNKJpah2IdV0TU=",
        "owner": "simrat39",
        "repo": "rust-tools.nvim",
        "rev": "9f98538d36b5f2e3ac1a11a524b52d11bafdff74",
        "type": "github"
      },
      "original": {
        "owner": "simrat39",
        "repo": "rust-tools.nvim",
        "type": "github"
      }
    },
    "telescope": {
      "flake": false,
      "locked": {
        "lastModified": 1637707885,
        "narHash": "sha256-sYh4ORqKtdohytBc4/y0SXxm1/fcwPMlSKQi3pk+9mI=",
        "owner": "nvim-telescope",
        "repo": "telescope.nvim",
        "rev": "1c57cc6140644695f0d9bd71b63de45feeca6ae7",
        "type": "github"
      },
      "original": {
        "owner": "nvim-telescope",
        "repo": "telescope.nvim",
        "type": "github"
      }
    },
    "telescope-fzy-native": {
      "flake": false,
      "locked": {
        "lastModified": 1617877633,
        "narHash": "sha256-ntSc/Z2KGwAPwBSgQ2m+Q9HgpGUwGbd+4fA/dtzOXY4=",
        "owner": "nvim-telescope",
        "repo": "telescope-fzy-native.nvim",
        "rev": "7b3d2528102f858036627a68821ccf5fc1d78ce4",
        "type": "github"
      },
      "original": {
        "owner": "nvim-telescope",
        "repo": "telescope-fzy-native.nvim",
        "type": "github"
      }
    },
    "tokyonight-nvim": {
      "flake": false,
      "locked": {
        "lastModified": 1634887496,
        "narHash": "sha256-ARvX6a/btRP9uTWGEW0yWL0lqE6G9OF89krjrMMre5Y=",
        "owner": "folke",
        "repo": "tokyonight.nvim",
        "rev": "2981e4bd0919305675d8d665f9a20281bb33ed06",
        "type": "github"
      },
      "original": {
        "owner": "folke",
        "repo": "tokyonight.nvim",
        "type": "github"
      }
    },
    "vim-glsl": {
      "flake": false,
      "locked": {
        "lastModified": 1636835714,
        "narHash": "sha256-P5u2kg3ugQWDE/LFa/ZyOPPwLgnKE9xnTlkfR1+1oDY=",
        "owner": "tikhomirov",
        "repo": "vim-glsl",
        "rev": "25f9a7dfca64787313fb4339866ff941b8974d61",
        "type": "github"
      },
      "original": {
        "owner": "tikhomirov",
        "repo": "vim-glsl",
        "type": "github"
      }
    },
    "vim-nix": {
      "flake": false,
      "locked": {
        "lastModified": 1622231877,
        "narHash": "sha256-wQzNXfE7JFalgiCQ2ksPAUyFKacmJV7mNKmKDe9jySI=",
        "owner": "LnL7",
        "repo": "vim-nix",
        "rev": "63b47b39c8d481ebca3092822ca8972e08df769b",
        "type": "github"
      },
      "original": {
        "owner": "LnL7",
        "repo": "vim-nix",
        "type": "github"
      }
    },
    "vim-rooter": {
      "flake": false,
      "locked": {
        "lastModified": 1627488712,
        "narHash": "sha256-8VYGZDZbT7r/vRtMKqDlI2jD498QxwHmEliYmbmc6uw=",
        "owner": "airblade",
        "repo": "vim-rooter",
        "rev": "0415be8b5989e56f6c9e382a04906b7f719cfb38",
        "type": "github"
      },
      "original": {
        "owner": "airblade",
        "repo": "vim-rooter",
        "type": "github"
      }
    },
    "vim-sensible": {
      "flake": false,
      "locked": {
        "lastModified": 1574628322,
        "narHash": "sha256-1/1kgtx0iJehF+ympl0R/p2t91654aG2ISBmQuAccZQ=",
        "owner": "tpope",
        "repo": "vim-sensible",
        "rev": "2d9f34c09f548ed4df213389caa2882bfe56db58",
        "type": "github"
      },
      "original": {
        "owner": "tpope",
        "repo": "vim-sensible",
        "type": "github"
      }
    },
    "vim-surround": {
      "flake": false,
      "locked": {
        "lastModified": 1634055351,
        "narHash": "sha256-zhaNsu0U+6RhalE1rDzHH8wntJM815REIzdsWmppC6w=",
        "owner": "tpope",
        "repo": "vim-surround",
        "rev": "aeb933272e72617f7c4d35e1f003be16836b948d",
        "type": "github"
      },
      "original": {
        "owner": "tpope",
        "repo": "vim-surround",
        "type": "github"
      }
    }
  },
  "root": "root",
  "version": 7
}
