{
  "nodes": {
    "cmp-buffer": {
      "flake": false,
      "locked": {
        "lastModified": 1641254550,
        "narHash": "sha256-LXNckOkSqRMFWJhBaPUm8el0SgTS2XPvg3N8CEwHLHw=",
        "owner": "hrsh7th",
        "repo": "cmp-buffer",
        "rev": "f83773e2f433a923997c5faad7ea689ec24d1785",
        "type": "github"
      },
      "original": {
        "owner": "hrsh7th",
        "repo": "cmp-buffer",
        "type": "github"
      }
    },
    "cmp-cmdline": {
      "flake": false,
      "locked": {
        "lastModified": 1638355837,
        "narHash": "sha256-BkMvtwkLnT0tnLn9F+vt3vtmAQOBVFwFC3YF7ZsE8Hs=",
        "owner": "hrsh7th",
        "repo": "cmp-cmdline",
        "rev": "29ca81a6f0f288e6311b3377d9d9684d22eac2ec",
        "type": "github"
      },
      "original": {
        "owner": "hrsh7th",
        "repo": "cmp-cmdline",
        "type": "github"
      }
    },
    "cmp-nvim-lsp": {
      "flake": false,
      "locked": {
        "lastModified": 1636543770,
        "narHash": "sha256-jLfW4xoYnEOWa7oWSmkB7vNxu9Jgttbme+nTiAC92so=",
        "owner": "hrsh7th",
        "repo": "cmp-nvim-lsp",
        "rev": "134117299ff9e34adde30a735cd8ca9cf8f3db81",
        "type": "github"
      },
      "original": {
        "owner": "hrsh7th",
        "repo": "cmp-nvim-lsp",
        "type": "github"
      }
    },
    "cmp-path": {
      "flake": false,
      "locked": {
        "lastModified": 1640869280,
        "narHash": "sha256-d82E/Vl4a/WGAVKWuPYXjZO/jVo+7aKp05JaRoA6dgU=",
        "owner": "hrsh7th",
        "repo": "cmp-path",
        "rev": "4d58224e315426e5ac4c5b218ca86cab85f80c79",
        "type": "github"
      },
      "original": {
        "owner": "hrsh7th",
        "repo": "cmp-path",
        "type": "github"
      }
    },
    "flake-utils": {
      "locked": {
        "lastModified": 1638122382,
        "narHash": "sha256-sQzZzAbvKEqN9s0bzWuYmRaA03v40gaJ4+iL1LXjaeI=",
        "owner": "numtide",
        "repo": "flake-utils",
        "rev": "74f7e4319258e287b0f9cb95426c9853b282730b",
        "type": "github"
      },
      "original": {
        "owner": "numtide",
        "repo": "flake-utils",
        "type": "github"
      }
    },
    "flake-utils_2": {
      "locked": {
        "lastModified": 1638122382,
        "narHash": "sha256-sQzZzAbvKEqN9s0bzWuYmRaA03v40gaJ4+iL1LXjaeI=",
        "owner": "numtide",
        "repo": "flake-utils",
        "rev": "74f7e4319258e287b0f9cb95426c9853b282730b",
        "type": "github"
      },
      "original": {
        "owner": "numtide",
        "repo": "flake-utils",
        "type": "github"
      }
    },
    "fugitive": {
      "flake": false,
      "locked": {
        "lastModified": 1640814600,
        "narHash": "sha256-fZixXpQxheAhA70Cga8gUUGsXkkhUYc0AQzQGjoqacc=",
        "owner": "tpope",
        "repo": "vim-fugitive",
        "rev": "b1c3cdffc94c2cbe48777db5cf8bc9156b17d070",
        "type": "github"
      },
      "original": {
        "owner": "tpope",
        "repo": "vim-fugitive",
        "type": "github"
      }
    },
    "home-manager": {
      "inputs": {
        "nixpkgs": [
          "nixpkgs"
        ]
      },
      "locked": {
        "lastModified": 1641236600,
        "narHash": "sha256-Xsy/vV1iEMjldygMYys9Y7w/h/suzQfdORVbBfih/PU=",
        "owner": "nix-community",
        "repo": "home-manager",
        "rev": "65e5b835a94b3bca9a1e219e5c43c1bc5fc04598",
        "type": "github"
      },
      "original": {
        "owner": "nix-community",
        "repo": "home-manager",
        "type": "github"
      }
    },
    "lualine-nvim": {
      "flake": false,
      "locked": {
        "lastModified": 1641259372,
        "narHash": "sha256-iPO45txTd4QF/+QjlqBcahm/S/uIJKxSjbnhBUXLmp0=",
        "owner": "nvim-lualine",
        "repo": "lualine.nvim",
        "rev": "4b68b8dd2aa5bb74fe8cd058797322d81df1f455",
        "type": "github"
      },
      "original": {
        "owner": "nvim-lualine",
        "repo": "lualine.nvim",
        "type": "github"
      }
    },
    "luasnip": {
      "flake": false,
      "locked": {
        "lastModified": 1641135061,
        "narHash": "sha256-jzjwYHKLU2J7eNm4I7YIuJG7jDFO6uCbl8dk4tLbTAs=",
        "owner": "L3MON4D3",
        "repo": "LuaSnip",
        "rev": "ed0140696fa99ea072bc485c87d22a396c477db3",
        "type": "github"
      },
      "original": {
        "owner": "L3MON4D3",
        "repo": "LuaSnip",
        "type": "github"
      }
    },
    "mosh-flake": {
      "inputs": {
        "flake-utils": [
          "flake-utils"
        ],
        "mosh-src": "mosh-src",
        "nixpkgs": [
          "nixpkgs"
        ]
      },
      "locked": {
        "narHash": "sha256-HT6qJuj+f+RQJ7DoW4KamugLFrATWKpkxGRE4S61DPk=",
        "path": "/Users/andrew/projects/dotfiles/flakes/mosh",
        "type": "path"
      },
      "original": {
        "path": "/Users/andrew/projects/dotfiles/flakes/mosh",
        "type": "path"
      }
    },
    "mosh-src": {
      "flake": false,
      "locked": {
        "lastModified": 1639170468,
        "narHash": "sha256-LJssBMrICVgaZtTvZTO6bYMFO4fQ330lIUkWzDSyf7o=",
        "owner": "mobile-shell",
        "repo": "mosh",
        "rev": "378dfa6aa5778cf168646ada7f52b6f4a8ec8e41",
        "type": "github"
      },
      "original": {
        "owner": "mobile-shell",
        "ref": "master",
        "repo": "mosh",
        "type": "github"
      }
    },
    "neovim-flake": {
      "inputs": {
        "cmp-buffer": "cmp-buffer",
        "cmp-cmdline": "cmp-cmdline",
        "cmp-nvim-lsp": "cmp-nvim-lsp",
        "cmp-path": "cmp-path",
        "flake-utils": [
          "flake-utils"
        ],
        "fugitive": "fugitive",
        "lualine-nvim": "lualine-nvim",
        "luasnip": "luasnip",
        "neovim-nightly": "neovim-nightly",
        "nerd-commenter": "nerd-commenter",
        "nerd-tree": "nerd-tree",
        "nixpkgs": [
          "nixpkgs"
        ],
        "null-ls": "null-ls",
        "nvim-cmp": "nvim-cmp",
        "nvim-lsp-ts-utils": "nvim-lsp-ts-utils",
        "nvim-lspconfig": "nvim-lspconfig",
        "nvim-treesitter": "nvim-treesitter",
        "plenary": "plenary",
        "rust-tools-nvim": "rust-tools-nvim",
        "telescope": "telescope",
        "telescope-fzy-native": "telescope-fzy-native",
        "tokyonight-nvim": "tokyonight-nvim",
        "vim-glsl": "vim-glsl",
        "vim-nix": "vim-nix",
        "vim-rooter": "vim-rooter",
        "vim-sensible": "vim-sensible",
        "vim-surround": "vim-surround"
      },
      "locked": {
        "narHash": "sha256-S95mtsSGc2a+nQz4GGkNukoiIeN2EJqCmnyAjPP0I1M=",
        "path": "/Users/andrew/projects/dotfiles/flakes/neovim",
        "type": "path"
      },
      "original": {
        "path": "/Users/andrew/projects/dotfiles/flakes/neovim",
        "type": "path"
      }
    },
    "neovim-nightly": {
      "inputs": {
        "flake-utils": "flake-utils_2",
        "nixpkgs": "nixpkgs"
      },
      "locked": {
        "dir": "contrib",
        "lastModified": 1641261796,
        "narHash": "sha256-6+nH6ptmb3DNQP+5X+HJFS8vESV6rJ8gQArFPy/z0CA=",
        "owner": "neovim",
        "repo": "neovim",
        "rev": "207307d0faf9b821cfd3cfeae4d027ab9ee5dbdb",
        "type": "github"
      },
      "original": {
        "dir": "contrib",
        "owner": "neovim",
        "repo": "neovim",
        "type": "github"
      }
    },
    "nerd-commenter": {
      "flake": false,
      "locked": {
        "lastModified": 1640687514,
        "narHash": "sha256-G47Wo86qsUwvClDfiqMkVhcFMW3NhguSUEQR4sDQW0M=",
        "owner": "preservim",
        "repo": "nerdcommenter",
        "rev": "9fffd4c022da39a324a2eee2a0939db66db7c553",
        "type": "github"
      },
      "original": {
        "owner": "preservim",
        "repo": "nerdcommenter",
        "type": "github"
      }
    },
    "nerd-tree": {
      "flake": false,
      "locked": {
        "lastModified": 1635480963,
        "narHash": "sha256-U2VcQMfxgXBAHaEOBMovIdISmomh8Ki+SFbem6iwnkI=",
        "owner": "preservim",
        "repo": "nerdtree",
        "rev": "eed488b1cd1867bd25f19f90e10440c5cc7d6424",
        "type": "github"
      },
      "original": {
        "owner": "preservim",
        "repo": "nerdtree",
        "type": "github"
      }
    },
    "nixpkgs": {
      "locked": {
        "lastModified": 1641710811,
        "narHash": "sha256-yVJ+CtwWZY8BnkNIJ/ue5a28yrRM6CkDF1LvmGmqqwM=",
        "owner": "nixos",
        "repo": "nixpkgs",
        "rev": "0ecf7d414811f831060cf55707c374d54fbb1dec",
        "type": "github"
      },
      "original": {
        "owner": "nixos",
        "ref": "nixos-unstable",
        "repo": "nixpkgs",
        "type": "github"
      }
    },
    "nixpkgs_2": {
      "locked": {
        "lastModified": 1641262829,
        "narHash": "sha256-ScS5SFK1zH5SDFpm68DELFPqb/1208ikpvFES+Rlc5w=",
        "owner": "nixos",
        "repo": "nixpkgs",
        "rev": "b51d023b20219ceb672b6b3e369988acb8e34b06",
        "type": "github"
      },
      "original": {
        "owner": "nixos",
        "repo": "nixpkgs",
        "type": "github"
      }
    },
    "null-ls": {
      "flake": false,
      "locked": {
        "lastModified": 1641255134,
        "narHash": "sha256-rpzcGuOFhrABX00kHMM2T3iGlmectbKk2o1WvaoqPVI=",
        "owner": "jose-elias-alvarez",
        "repo": "null-ls.nvim",
        "rev": "8c59fd5ec84e1c90c3982a40d699ebe62b243592",
        "type": "github"
      },
      "original": {
        "owner": "jose-elias-alvarez",
        "repo": "null-ls.nvim",
        "type": "github"
      }
    },
    "nvim-cmp": {
      "flake": false,
      "locked": {
        "lastModified": 1641095082,
        "narHash": "sha256-G9K+drH+atN0h/1Xuzg+JzP0nnZht5ogS0LFrHVc9kU=",
        "owner": "hrsh7th",
        "repo": "nvim-cmp",
        "rev": "1b94aacada96d2a33fef2ecf87748b27a2f50630",
        "type": "github"
      },
      "original": {
        "owner": "hrsh7th",
        "repo": "nvim-cmp",
        "type": "github"
      }
    },
    "nvim-lsp-ts-utils": {
      "flake": false,
      "locked": {
        "lastModified": 1640912675,
        "narHash": "sha256-EXWf64svXGPaAIFoEfNOwzvztQT+U5tNlAS51U4XTsU=",
        "owner": "jose-elias-alvarez",
        "repo": "nvim-lsp-ts-utils",
        "rev": "fd608d99e2a5727591a0d4a8e3e5b61c5372abbc",
        "type": "github"
      },
      "original": {
        "owner": "jose-elias-alvarez",
        "repo": "nvim-lsp-ts-utils",
        "type": "github"
      }
    },
    "nvim-lspconfig": {
      "flake": false,
      "locked": {
        "lastModified": 1641263412,
        "narHash": "sha256-yn4W+0w1nqY3o+Q29Vc853rgxOfLHTAEyJKDRqxlnGg=",
        "owner": "neovim",
        "repo": "nvim-lspconfig",
        "rev": "1917a52a7ccb517f76d6a6e732fb349f381fc927",
        "type": "github"
      },
      "original": {
        "owner": "neovim",
        "repo": "nvim-lspconfig",
        "type": "github"
      }
    },
    "nvim-treesitter": {
      "flake": false,
      "locked": {
        "lastModified": 1641256000,
        "narHash": "sha256-MMkl+vGwTdkSAxbuEoHIIo7p49+ZXG1cWnmgT0A1VBw=",
        "owner": "nvim-treesitter",
        "repo": "nvim-treesitter",
        "rev": "479fde3471ad6833d950abf645c0ebece15eaea4",
        "type": "github"
      },
      "original": {
        "owner": "nvim-treesitter",
        "repo": "nvim-treesitter",
        "type": "github"
      }
    },
    "plenary": {
      "flake": false,
      "locked": {
        "lastModified": 1639589603,
        "narHash": "sha256-OwgssngbEgOlS7AfXfeRXIAN/3ZgdVEvu/X0SdnVH88=",
        "owner": "nvim-lua",
        "repo": "plenary.nvim",
        "rev": "a672e11c816d4a91ef01253ba1a2567d20e08e55",
        "type": "github"
      },
      "original": {
        "owner": "nvim-lua",
        "repo": "plenary.nvim",
        "type": "github"
      }
    },
    "prettierd-flake": {
      "inputs": {
        "flake-utils": [
          "flake-utils"
        ],
        "nixpkgs": [
          "nixpkgs"
        ],
        "prettierd-src": "prettierd-src"
      },
      "locked": {
        "narHash": "sha256-f71xJ9iVIGBVWavVyeCQpNW/C3L0YcRwh2EVESITl44=",
        "path": "/Users/andrew/projects/dotfiles/flakes/prettierd",
        "type": "path"
      },
      "original": {
        "path": "/Users/andrew/projects/dotfiles/flakes/prettierd",
        "type": "path"
      }
    },
    "prettierd-src": {
      "flake": false,
      "locked": {
        "lastModified": 1641393493,
        "narHash": "sha256-p3H2ilITzVpCKdQCdADStAVTAMUpyeqhBvEm3PxuNOw=",
        "owner": "fsouza",
        "repo": "prettierd",
        "rev": "6fd365ca6f2a94dd7b2daacf82b0659fe9326206",
        "type": "github"
      },
      "original": {
        "owner": "fsouza",
        "repo": "prettierd",
        "type": "github"
      }
    },
    "root": {
      "inputs": {
        "flake-utils": "flake-utils",
        "home-manager": "home-manager",
        "mosh-flake": "mosh-flake",
        "neovim-flake": "neovim-flake",
        "nixpkgs": "nixpkgs_2",
        "prettierd-flake": "prettierd-flake"
      }
    },
    "rust-tools-nvim": {
      "flake": false,
      "locked": {
        "lastModified": 1641065759,
        "narHash": "sha256-jDZRdEVmeLoCNlGb6XtWS5EXCixs88v2c/6c7TkYh9E=",
        "owner": "simrat39",
        "repo": "rust-tools.nvim",
        "rev": "7eb435069b307f55bdc3aa27bd3fe4ad704e66db",
        "type": "github"
      },
      "original": {
        "owner": "simrat39",
        "repo": "rust-tools.nvim",
        "type": "github"
      }
    },
    "telescope": {
      "flake": false,
      "locked": {
        "lastModified": 1641195699,
        "narHash": "sha256-aMRVy4+RW2deursZHe8E2vAIfeeaIJFGf6bpnUe2Q/Y=",
        "owner": "nvim-telescope",
        "repo": "telescope.nvim",
        "rev": "a01ebd2793999c11d727fd15b1e5979ba20c7503",
        "type": "github"
      },
      "original": {
        "owner": "nvim-telescope",
        "repo": "telescope.nvim",
        "type": "github"
      }
    },
    "telescope-fzy-native": {
      "flake": false,
      "locked": {
        "lastModified": 1617877633,
        "narHash": "sha256-ntSc/Z2KGwAPwBSgQ2m+Q9HgpGUwGbd+4fA/dtzOXY4=",
        "owner": "nvim-telescope",
        "repo": "telescope-fzy-native.nvim",
        "rev": "7b3d2528102f858036627a68821ccf5fc1d78ce4",
        "type": "github"
      },
      "original": {
        "owner": "nvim-telescope",
        "repo": "telescope-fzy-native.nvim",
        "type": "github"
      }
    },
    "tokyonight-nvim": {
      "flake": false,
      "locked": {
        "lastModified": 1640940199,
        "narHash": "sha256-EUiuGaX//mqv8v+UWfOQwxvV6UaQq1ZjdlqOpQAE7+c=",
        "owner": "folke",
        "repo": "tokyonight.nvim",
        "rev": "8223c970677e4d88c9b6b6d81bda23daf11062bb",
        "type": "github"
      },
      "original": {
        "owner": "folke",
        "repo": "tokyonight.nvim",
        "type": "github"
      }
    },
    "vim-glsl": {
      "flake": false,
      "locked": {
        "lastModified": 1636835714,
        "narHash": "sha256-P5u2kg3ugQWDE/LFa/ZyOPPwLgnKE9xnTlkfR1+1oDY=",
        "owner": "tikhomirov",
        "repo": "vim-glsl",
        "rev": "25f9a7dfca64787313fb4339866ff941b8974d61",
        "type": "github"
      },
      "original": {
        "owner": "tikhomirov",
        "repo": "vim-glsl",
        "type": "github"
      }
    },
    "vim-nix": {
      "flake": false,
      "locked": {
        "lastModified": 1622231877,
        "narHash": "sha256-wQzNXfE7JFalgiCQ2ksPAUyFKacmJV7mNKmKDe9jySI=",
        "owner": "LnL7",
        "repo": "vim-nix",
        "rev": "63b47b39c8d481ebca3092822ca8972e08df769b",
        "type": "github"
      },
      "original": {
        "owner": "LnL7",
        "repo": "vim-nix",
        "type": "github"
      }
    },
    "vim-rooter": {
      "flake": false,
      "locked": {
        "lastModified": 1627488712,
        "narHash": "sha256-8VYGZDZbT7r/vRtMKqDlI2jD498QxwHmEliYmbmc6uw=",
        "owner": "airblade",
        "repo": "vim-rooter",
        "rev": "0415be8b5989e56f6c9e382a04906b7f719cfb38",
        "type": "github"
      },
      "original": {
        "owner": "airblade",
        "repo": "vim-rooter",
        "type": "github"
      }
    },
    "vim-sensible": {
      "flake": false,
      "locked": {
        "lastModified": 1574628322,
        "narHash": "sha256-1/1kgtx0iJehF+ympl0R/p2t91654aG2ISBmQuAccZQ=",
        "owner": "tpope",
        "repo": "vim-sensible",
        "rev": "2d9f34c09f548ed4df213389caa2882bfe56db58",
        "type": "github"
      },
      "original": {
        "owner": "tpope",
        "repo": "vim-sensible",
        "type": "github"
      }
    },
    "vim-surround": {
      "flake": false,
      "locked": {
        "lastModified": 1634055351,
        "narHash": "sha256-zhaNsu0U+6RhalE1rDzHH8wntJM815REIzdsWmppC6w=",
        "owner": "tpope",
        "repo": "vim-surround",
        "rev": "aeb933272e72617f7c4d35e1f003be16836b948d",
        "type": "github"
      },
      "original": {
        "owner": "tpope",
        "repo": "vim-surround",
        "type": "github"
      }
    }
  },
  "root": "root",
  "version": 7
}
