{
  "nodes": {
    "cmp-buffer": {
      "flake": false,
      "locked": {
        "lastModified": 1636543831,
        "narHash": "sha256-EDNcFOp2ExS6tQbJf1L0Fjc8e3Z+P3GlRIBmyCwqfVM=",
        "owner": "hrsh7th",
        "repo": "cmp-buffer",
        "rev": "2d85e76c725a389b72067f86fc3c65f3868b9a59",
        "type": "github"
      },
      "original": {
        "owner": "hrsh7th",
        "repo": "cmp-buffer",
        "type": "github"
      }
    },
    "cmp-cmdline": {
      "flake": false,
      "locked": {
        "lastModified": 1636354241,
        "narHash": "sha256-jSgqG7tIPcqOWQMptCLRQ5Yb53GKxHIpymoNWNPO55w=",
        "owner": "hrsh7th",
        "repo": "cmp-cmdline",
        "rev": "0ca73c3a50b72c2ca168d8904b39aba34d0c4227",
        "type": "github"
      },
      "original": {
        "owner": "hrsh7th",
        "repo": "cmp-cmdline",
        "type": "github"
      }
    },
    "cmp-nvim-lsp": {
      "flake": false,
      "locked": {
        "lastModified": 1636543770,
        "narHash": "sha256-jLfW4xoYnEOWa7oWSmkB7vNxu9Jgttbme+nTiAC92so=",
        "owner": "hrsh7th",
        "repo": "cmp-nvim-lsp",
        "rev": "134117299ff9e34adde30a735cd8ca9cf8f3db81",
        "type": "github"
      },
      "original": {
        "owner": "hrsh7th",
        "repo": "cmp-nvim-lsp",
        "type": "github"
      }
    },
    "cmp-path": {
      "flake": false,
      "locked": {
        "lastModified": 1636543812,
        "narHash": "sha256-UGSjwIYsgYPDdlMFRqv7P+tO7KvMtBEl9QnOqAMgvas=",
        "owner": "hrsh7th",
        "repo": "cmp-path",
        "rev": "98ded32b9c4d95aa95af70b9979b767f39073f0e",
        "type": "github"
      },
      "original": {
        "owner": "hrsh7th",
        "repo": "cmp-path",
        "type": "github"
      }
    },
    "flake-utils": {
      "locked": {
        "lastModified": 1634851050,
        "narHash": "sha256-N83GlSGPJJdcqhUxSCS/WwW5pksYf3VP1M13cDRTSVA=",
        "owner": "numtide",
        "repo": "flake-utils",
        "rev": "c91f3de5adaf1de973b797ef7485e441a65b8935",
        "type": "github"
      },
      "original": {
        "owner": "numtide",
        "repo": "flake-utils",
        "type": "github"
      }
    },
    "fugitive": {
      "flake": false,
      "locked": {
        "lastModified": 1636609454,
        "narHash": "sha256-OqBd/2yiSo58HuJWJsB1nTO1nPz5UTO9LvuyCEfQc0U=",
        "owner": "tpope",
        "repo": "vim-fugitive",
        "rev": "2e4ee0b5d6e61c6b3bc48e844343f89615dfc6e0",
        "type": "github"
      },
      "original": {
        "owner": "tpope",
        "repo": "vim-fugitive",
        "type": "github"
      }
    },
    "home-manager": {
      "inputs": {
        "nixpkgs": [
          "nixpkgs"
        ]
      },
      "locked": {
        "lastModified": 1636847964,
        "narHash": "sha256-hH2lbDgOPwCtlWDwp0wVCcOK7x0mtLf4nrNWfvUWrA8=",
        "owner": "nix-community",
        "repo": "home-manager",
        "rev": "accfbdf215dbf39eac2fbae67b574dac0be83d51",
        "type": "github"
      },
      "original": {
        "owner": "nix-community",
        "repo": "home-manager",
        "type": "github"
      }
    },
    "lualine-nvim": {
      "flake": false,
      "locked": {
        "lastModified": 1636812147,
        "narHash": "sha256-26owV2SJ3PMNS1EuOxB2wlJuda0Bc3Pxs0N69FSstwQ=",
        "owner": "nvim-lualine",
        "repo": "lualine.nvim",
        "rev": "e6b6caa93b900c86d8c299d92282feae3934ec39",
        "type": "github"
      },
      "original": {
        "owner": "nvim-lualine",
        "repo": "lualine.nvim",
        "type": "github"
      }
    },
    "luasnip": {
      "flake": false,
      "locked": {
        "lastModified": 1636445035,
        "narHash": "sha256-WiGQK/OiARxRoX+VGV5HVCNWnXeI1ghBfH+DuH1RVJ4=",
        "owner": "L3MON4D3",
        "repo": "LuaSnip",
        "rev": "366fd76ea226bed11966cd8b1a229cba08fa4394",
        "type": "github"
      },
      "original": {
        "owner": "L3MON4D3",
        "repo": "LuaSnip",
        "type": "github"
      }
    },
    "neovim-flake": {
      "inputs": {
        "cmp-buffer": "cmp-buffer",
        "cmp-cmdline": "cmp-cmdline",
        "cmp-nvim-lsp": "cmp-nvim-lsp",
        "cmp-path": "cmp-path",
        "flake-utils": [
          "flake-utils"
        ],
        "fugitive": "fugitive",
        "lualine-nvim": "lualine-nvim",
        "luasnip": "luasnip",
        "neovim-nightly": "neovim-nightly",
        "nerd-commenter": "nerd-commenter",
        "nerd-tree": "nerd-tree",
        "nixpkgs": [
          "nixpkgs"
        ],
        "nvim-cmp": "nvim-cmp",
        "nvim-lspconfig": "nvim-lspconfig",
        "nvim-treesitter": "nvim-treesitter",
        "plenary": "plenary",
        "rust-tools-nvim": "rust-tools-nvim",
        "telescope": "telescope",
        "telescope-fzy-native": "telescope-fzy-native",
        "tokyonight-nvim": "tokyonight-nvim",
        "vim-glsl": "vim-glsl",
        "vim-nix": "vim-nix",
        "vim-rooter": "vim-rooter",
        "vim-sensible": "vim-sensible",
        "vim-surround": "vim-surround"
      },
      "locked": {
        "narHash": "sha256-4O1mQAuK3KI6ntmfu3NqFu9/Jz8BL/F690BHxBMS3ZM=",
        "path": "./flakes/neovim",
        "type": "path"
      },
      "original": {
        "path": "./flakes/neovim",
        "type": "path"
      }
    },
    "neovim-nightly": {
      "inputs": {
        "flake-utils": [
          "neovim-flake",
          "flake-utils"
        ],
        "nixpkgs": [
          "neovim-flake",
          "nixpkgs"
        ]
      },
      "locked": {
        "dir": "contrib",
        "lastModified": 1636384973,
        "narHash": "sha256-xl05XNVgj55cJTmWu7ft3nACOdFkrm3Hn7DKcxWku7M=",
        "owner": "neovim",
        "repo": "neovim",
        "rev": "4174244d8b6718c703f8b8d3e907809bde9430bd",
        "type": "github"
      },
      "original": {
        "dir": "contrib",
        "owner": "neovim",
        "repo": "neovim",
        "type": "github"
      }
    },
    "nerd-commenter": {
      "flake": false,
      "locked": {
        "lastModified": 1630611200,
        "narHash": "sha256-3Cl1cXfvGjnaXh91uJaCGMDmqxNjHFnlf8tJtGMxOQI=",
        "owner": "preservim",
        "repo": "nerdcommenter",
        "rev": "a65465d321f2f8a74b2ffa540b9b87563f7e12e8",
        "type": "github"
      },
      "original": {
        "owner": "preservim",
        "repo": "nerdcommenter",
        "type": "github"
      }
    },
    "nerd-tree": {
      "flake": false,
      "locked": {
        "lastModified": 1635480963,
        "narHash": "sha256-U2VcQMfxgXBAHaEOBMovIdISmomh8Ki+SFbem6iwnkI=",
        "owner": "preservim",
        "repo": "nerdtree",
        "rev": "eed488b1cd1867bd25f19f90e10440c5cc7d6424",
        "type": "github"
      },
      "original": {
        "owner": "preservim",
        "repo": "nerdtree",
        "type": "github"
      }
    },
    "nixpkgs": {
      "locked": {
        "lastModified": 1636923262,
        "narHash": "sha256-BUMZpCyIvOiW61pMuGHVp2vYgZB6QSZXH2CuBFQLx+8=",
        "owner": "nixos",
        "repo": "nixpkgs",
        "rev": "488a5a3787b2b53a991f9554dc9da97951245c77",
        "type": "github"
      },
      "original": {
        "owner": "nixos",
        "repo": "nixpkgs",
        "type": "github"
      }
    },
    "nvim-cmp": {
      "flake": false,
      "locked": {
        "lastModified": 1636825651,
        "narHash": "sha256-xePqmHdWUR8rilvTPaVjd2lcVCZyt4fuIolJWYyhMS0=",
        "owner": "hrsh7th",
        "repo": "nvim-cmp",
        "rev": "753f5b7c92da0302efffc5ce6780dffe0602bdf3",
        "type": "github"
      },
      "original": {
        "owner": "hrsh7th",
        "repo": "nvim-cmp",
        "type": "github"
      }
    },
    "nvim-lspconfig": {
      "flake": false,
      "locked": {
        "lastModified": 1636913776,
        "narHash": "sha256-5i7k33vuYGxzSyNPJbphROgiHZyr2O9qT7Jwjw9fGkM=",
        "owner": "neovim",
        "repo": "nvim-lspconfig",
        "rev": "23741af06e0222f5133e20f6887db979ede8290e",
        "type": "github"
      },
      "original": {
        "owner": "neovim",
        "repo": "nvim-lspconfig",
        "type": "github"
      }
    },
    "nvim-treesitter": {
      "flake": false,
      "locked": {
        "lastModified": 1636884177,
        "narHash": "sha256-AlysBP/Eopb2tkWoLZ7HNvfxVIKzSa6A8EehZQIxe3A=",
        "owner": "nvim-treesitter",
        "repo": "nvim-treesitter",
        "rev": "a47df48e7d4232fd771f2537a4fb43f582c026c9",
        "type": "github"
      },
      "original": {
        "owner": "nvim-treesitter",
        "repo": "nvim-treesitter",
        "type": "github"
      }
    },
    "plenary": {
      "flake": false,
      "locked": {
        "lastModified": 1636882608,
        "narHash": "sha256-JAy4VL/jU+j3pxTvdbe5BlIwdEix4uA1xHxQCKYyqxw=",
        "owner": "nvim-lua",
        "repo": "plenary.nvim",
        "rev": "1c31adb35fcebe921f65e5c6ff6d5481fa5fa5ac",
        "type": "github"
      },
      "original": {
        "owner": "nvim-lua",
        "repo": "plenary.nvim",
        "type": "github"
      }
    },
    "root": {
      "inputs": {
        "flake-utils": "flake-utils",
        "home-manager": "home-manager",
        "neovim-flake": "neovim-flake",
        "nixpkgs": "nixpkgs"
      }
    },
    "rust-tools-nvim": {
      "flake": false,
      "locked": {
        "lastModified": 1636778247,
        "narHash": "sha256-UDMeiK1C/ukEJrpVje0NQ4BbAtmaYFaG0eHZFv2kdeU=",
        "owner": "simrat39",
        "repo": "rust-tools.nvim",
        "rev": "8d0fe8490258f3439aaf132fa7cb71299995bf5e",
        "type": "github"
      },
      "original": {
        "owner": "simrat39",
        "repo": "rust-tools.nvim",
        "type": "github"
      }
    },
    "telescope": {
      "flake": false,
      "locked": {
        "lastModified": 1636882635,
        "narHash": "sha256-jH8zhDXuZ/S1pS8Anw4qmPFos0jL5Cbfixb3RELIAG4=",
        "owner": "nvim-telescope",
        "repo": "telescope.nvim",
        "rev": "729492406ec3b545c4ecf2beadf7bd30c81e70e4",
        "type": "github"
      },
      "original": {
        "owner": "nvim-telescope",
        "repo": "telescope.nvim",
        "type": "github"
      }
    },
    "telescope-fzy-native": {
      "flake": false,
      "locked": {
        "lastModified": 1617877633,
        "narHash": "sha256-ntSc/Z2KGwAPwBSgQ2m+Q9HgpGUwGbd+4fA/dtzOXY4=",
        "owner": "nvim-telescope",
        "repo": "telescope-fzy-native.nvim",
        "rev": "7b3d2528102f858036627a68821ccf5fc1d78ce4",
        "type": "github"
      },
      "original": {
        "owner": "nvim-telescope",
        "repo": "telescope-fzy-native.nvim",
        "type": "github"
      }
    },
    "tokyonight-nvim": {
      "flake": false,
      "locked": {
        "lastModified": 1634887496,
        "narHash": "sha256-ARvX6a/btRP9uTWGEW0yWL0lqE6G9OF89krjrMMre5Y=",
        "owner": "folke",
        "repo": "tokyonight.nvim",
        "rev": "2981e4bd0919305675d8d665f9a20281bb33ed06",
        "type": "github"
      },
      "original": {
        "owner": "folke",
        "repo": "tokyonight.nvim",
        "type": "github"
      }
    },
    "vim-glsl": {
      "flake": false,
      "locked": {
        "lastModified": 1636835714,
        "narHash": "sha256-P5u2kg3ugQWDE/LFa/ZyOPPwLgnKE9xnTlkfR1+1oDY=",
        "owner": "tikhomirov",
        "repo": "vim-glsl",
        "rev": "25f9a7dfca64787313fb4339866ff941b8974d61",
        "type": "github"
      },
      "original": {
        "owner": "tikhomirov",
        "repo": "vim-glsl",
        "type": "github"
      }
    },
    "vim-nix": {
      "flake": false,
      "locked": {
        "lastModified": 1622231877,
        "narHash": "sha256-wQzNXfE7JFalgiCQ2ksPAUyFKacmJV7mNKmKDe9jySI=",
        "owner": "LnL7",
        "repo": "vim-nix",
        "rev": "63b47b39c8d481ebca3092822ca8972e08df769b",
        "type": "github"
      },
      "original": {
        "owner": "LnL7",
        "repo": "vim-nix",
        "type": "github"
      }
    },
    "vim-rooter": {
      "flake": false,
      "locked": {
        "lastModified": 1627488712,
        "narHash": "sha256-8VYGZDZbT7r/vRtMKqDlI2jD498QxwHmEliYmbmc6uw=",
        "owner": "airblade",
        "repo": "vim-rooter",
        "rev": "0415be8b5989e56f6c9e382a04906b7f719cfb38",
        "type": "github"
      },
      "original": {
        "owner": "airblade",
        "repo": "vim-rooter",
        "type": "github"
      }
    },
    "vim-sensible": {
      "flake": false,
      "locked": {
        "lastModified": 1574628322,
        "narHash": "sha256-1/1kgtx0iJehF+ympl0R/p2t91654aG2ISBmQuAccZQ=",
        "owner": "tpope",
        "repo": "vim-sensible",
        "rev": "2d9f34c09f548ed4df213389caa2882bfe56db58",
        "type": "github"
      },
      "original": {
        "owner": "tpope",
        "repo": "vim-sensible",
        "type": "github"
      }
    },
    "vim-surround": {
      "flake": false,
      "locked": {
        "lastModified": 1634055351,
        "narHash": "sha256-zhaNsu0U+6RhalE1rDzHH8wntJM815REIzdsWmppC6w=",
        "owner": "tpope",
        "repo": "vim-surround",
        "rev": "aeb933272e72617f7c4d35e1f003be16836b948d",
        "type": "github"
      },
      "original": {
        "owner": "tpope",
        "repo": "vim-surround",
        "type": "github"
      }
    }
  },
  "root": "root",
  "version": 7
}
