{
  "nodes": {
    "alpha-nvim": {
      "flake": false,
      "locked": {
        "lastModified": 1731604504,
        "narHash": "sha256-sNi5qarejYqM4/J7lBZI3gjVLxer5FBPq8K6qjqcMjA=",
        "owner": "goolord",
        "repo": "alpha-nvim",
        "rev": "de72250e054e5e691b9736ee30db72c65d560771",
        "type": "github"
      },
      "original": {
        "owner": "goolord",
        "repo": "alpha-nvim",
        "type": "github"
      }
    },
    "cmp-buffer": {
      "flake": false,
      "locked": {
        "lastModified": 1660101488,
        "narHash": "sha256-dG4U7MtnXThoa/PD+qFtCt76MQ14V1wX8GMYcvxEnbM=",
        "owner": "hrsh7th",
        "repo": "cmp-buffer",
        "rev": "3022dbc9166796b644a841a02de8dd1cc1d311fa",
        "type": "github"
      },
      "original": {
        "owner": "hrsh7th",
        "repo": "cmp-buffer",
        "type": "github"
      }
    },
    "cmp-cmdline": {
      "flake": false,
      "locked": {
        "lastModified": 1711081050,
        "narHash": "sha256-iBmXp+gUSMbgfkv7c7RDQAwPq02e07wEnBETP0dWBOo=",
        "owner": "hrsh7th",
        "repo": "cmp-cmdline",
        "rev": "d250c63aa13ead745e3a40f61fdd3470efde3923",
        "type": "github"
      },
      "original": {
        "owner": "hrsh7th",
        "repo": "cmp-cmdline",
        "type": "github"
      }
    },
    "cmp-nvim-lsp": {
      "flake": false,
      "locked": {
        "lastModified": 1733823748,
        "narHash": "sha256-iaihXNCF5bB5MdeoosD/kc3QtpA/QaIDZVLiLIurBSM=",
        "owner": "hrsh7th",
        "repo": "cmp-nvim-lsp",
        "rev": "99290b3ec1322070bcfb9e846450a46f6efa50f0",
        "type": "github"
      },
      "original": {
        "owner": "hrsh7th",
        "repo": "cmp-nvim-lsp",
        "type": "github"
      }
    },
    "cmp-path": {
      "flake": false,
      "locked": {
        "lastModified": 1664784283,
        "narHash": "sha256-thppiiV3wjIaZnAXmsh7j3DUc6ceSCvGzviwFUnoPaI=",
        "owner": "hrsh7th",
        "repo": "cmp-path",
        "rev": "91ff86cd9c29299a64f968ebb45846c485725f23",
        "type": "github"
      },
      "original": {
        "owner": "hrsh7th",
        "repo": "cmp-path",
        "type": "github"
      }
    },
    "conform-nvim": {
      "flake": false,
      "locked": {
        "lastModified": 1742426176,
        "narHash": "sha256-ADoTAxjok3WSYPEOlZuCr8M2mtoaA75xnbBPcg2nzYE=",
        "owner": "stevearc",
        "repo": "conform.nvim",
        "rev": "fb1211e936cd28b720d9a95934a242d60568bf7f",
        "type": "github"
      },
      "original": {
        "owner": "stevearc",
        "repo": "conform.nvim",
        "type": "github"
      }
    },
    "copilot": {
      "flake": false,
      "locked": {
        "lastModified": 1741292936,
        "narHash": "sha256-IPLaF6qqhMst9uO6QmJV2Y5/MMw15qA//jM0BWz1FaU=",
        "owner": "github",
        "repo": "copilot.vim",
        "rev": "5015939f131627a6a332c9e3ecad9a7cb4c2e549",
        "type": "github"
      },
      "original": {
        "owner": "github",
        "repo": "copilot.vim",
        "type": "github"
      }
    },
    "flake-utils": {
      "inputs": {
        "systems": "systems"
      },
      "locked": {
        "lastModified": 1731533236,
        "narHash": "sha256-l0KFg5HjrsfsO/JpG+r7fRrqm12kzFHyUHqHCVpMMbI=",
        "owner": "numtide",
        "repo": "flake-utils",
        "rev": "11707dc2f618dd54ca8739b309ec4fc024de578b",
        "type": "github"
      },
      "original": {
        "owner": "numtide",
        "repo": "flake-utils",
        "type": "github"
      }
    },
    "formatter-nvim": {
      "flake": false,
      "locked": {
        "lastModified": 1730834708,
        "narHash": "sha256-DQjLg413qhKBlEvlupCIdEzfRzQrCy0IFcmomScE2EQ=",
        "owner": "mhartington",
        "repo": "formatter.nvim",
        "rev": "eb89a1f3e079f1b9680bc7293b75fffccb5e1598",
        "type": "github"
      },
      "original": {
        "owner": "mhartington",
        "repo": "formatter.nvim",
        "type": "github"
      }
    },
    "fugitive": {
      "flake": false,
      "locked": {
        "lastModified": 1740005044,
        "narHash": "sha256-1AteNwnc7lCHLIwM8Ejm2T9VTIDM+CeAfvAUeSQRFKE=",
        "owner": "tpope",
        "repo": "vim-fugitive",
        "rev": "4a745ea72fa93bb15dd077109afbb3d1809383f2",
        "type": "github"
      },
      "original": {
        "owner": "tpope",
        "repo": "vim-fugitive",
        "type": "github"
      }
    },
    "gitsigns": {
      "flake": false,
      "locked": {
        "lastModified": 1742140868,
        "narHash": "sha256-qWusbKY+3d1dkW5oLYDyfSLdt1qFlJdDeXgFWqQ4hUI=",
        "owner": "lewis6991",
        "repo": "gitsigns.nvim",
        "rev": "7010000889bfb6c26065e0b0f7f1e6aa9163edd9",
        "type": "github"
      },
      "original": {
        "owner": "lewis6991",
        "repo": "gitsigns.nvim",
        "type": "github"
      }
    },
    "gruvbox-nvim": {
      "flake": false,
      "locked": {
        "lastModified": 1741204706,
        "narHash": "sha256-GMOHybVeWUbflEz1xCelfGGMWmlaFu4qZuoP3S7r2Zo=",
        "owner": "ellisonleao",
        "repo": "gruvbox.nvim",
        "rev": "15958f5ee43e144856cd2084ce6c571bfdb44504",
        "type": "github"
      },
      "original": {
        "owner": "ellisonleao",
        "repo": "gruvbox.nvim",
        "type": "github"
      }
    },
    "jsregexp": {
      "flake": false,
      "locked": {
        "lastModified": 1725027321,
        "narHash": "sha256-vWaFUUsMTZU0dqIAme5Cl1hVX7sc7iSLrxsCO/I2aBM=",
        "owner": "kmarius",
        "repo": "jsregexp",
        "rev": "81fb586899d45ce8037acd5697f91025af2d7150",
        "type": "github"
      },
      "original": {
        "owner": "kmarius",
        "repo": "jsregexp",
        "type": "github"
      }
    },
    "lualine-nvim": {
      "flake": false,
      "locked": {
        "lastModified": 1742405159,
        "narHash": "sha256-lwfaXn0BR8vamUnTiPmyPvAbKGWJ+iDX1q6H0Tt9zsQ=",
        "owner": "nvim-lualine",
        "repo": "lualine.nvim",
        "rev": "9fef261b53fbe3a2ef01ee9667f6fde064b1ed10",
        "type": "github"
      },
      "original": {
        "owner": "nvim-lualine",
        "repo": "lualine.nvim",
        "type": "github"
      }
    },
    "luasnip": {
      "flake": false,
      "locked": {
        "lastModified": 1736009707,
        "narHash": "sha256-3ecm5SDTcSOh256xSQPHhddQfMpepiEIpv58fHXrVg0=",
        "owner": "L3MON4D3",
        "repo": "LuaSnip",
        "rev": "c9b9a22904c97d0eb69ccb9bab76037838326817",
        "type": "github"
      },
      "original": {
        "owner": "L3MON4D3",
        "repo": "LuaSnip",
        "type": "github"
      }
    },
    "nerd-commenter": {
      "flake": false,
      "locked": {
        "lastModified": 1729604332,
        "narHash": "sha256-IW4RToMGwOSX0GbNXpBkOqtZ2C9Mgbk6iZWPGX5jDr4=",
        "owner": "preservim",
        "repo": "nerdcommenter",
        "rev": "66c07e4083ab02ed2540ac289cc602c70b858c13",
        "type": "github"
      },
      "original": {
        "owner": "preservim",
        "repo": "nerdcommenter",
        "type": "github"
      }
    },
    "nightfox-nvim": {
      "flake": false,
      "locked": {
        "lastModified": 1739121671,
        "narHash": "sha256-HoZEwncrUnypWxyB+XR0UQDv+tNu1/NbvimxYGb7qu8=",
        "owner": "EdenEast",
        "repo": "nightfox.nvim",
        "rev": "ba47d4b4c5ec308718641ba7402c143836f35aa9",
        "type": "github"
      },
      "original": {
        "owner": "EdenEast",
        "repo": "nightfox.nvim",
        "type": "github"
      }
    },
    "nixpkgs": {
      "locked": {
        "lastModified": 1742272065,
        "narHash": "sha256-ud8vcSzJsZ/CK+r8/v0lyf4yUntVmDq6Z0A41ODfWbE=",
        "owner": "nixos",
        "repo": "nixpkgs",
        "rev": "3549532663732bfd89993204d40543e9edaec4f2",
        "type": "github"
      },
      "original": {
        "owner": "nixos",
        "ref": "nixpkgs-unstable",
        "repo": "nixpkgs",
        "type": "github"
      }
    },
    "none-ls": {
      "flake": false,
      "locked": {
        "lastModified": 1740938250,
        "narHash": "sha256-KP/mS6HfVbPA5javQdj/x8qnYYk0G6oT0RZaPTAPseM=",
        "owner": "nvimtools",
        "repo": "none-ls.nvim",
        "rev": "a117163db44c256d53c3be8717f3e1a2a28e6299",
        "type": "github"
      },
      "original": {
        "owner": "nvimtools",
        "repo": "none-ls.nvim",
        "type": "github"
      }
    },
    "none-ls-extras": {
      "flake": false,
      "locked": {
        "lastModified": 1733844355,
        "narHash": "sha256-cd7HJLfLbVs7v+eE+8JrDc0nj/DOGVTbwNEMdZsf2qk=",
        "owner": "nvimtools",
        "repo": "none-ls-extras.nvim",
        "rev": "6557f20e631d2e9b2a9fd27a5c045d701a3a292c",
        "type": "github"
      },
      "original": {
        "owner": "nvimtools",
        "repo": "none-ls-extras.nvim",
        "type": "github"
      }
    },
    "nvim-cmp": {
      "flake": false,
      "locked": {
        "lastModified": 1741936119,
        "narHash": "sha256-zl/rgbZF3+nsLI7Sd6xzQFlcpa5n/8pyganS+u0jD/s=",
        "owner": "hrsh7th",
        "repo": "nvim-cmp",
        "rev": "1e1900b0769324a9675ef85b38f99cca29e203b3",
        "type": "github"
      },
      "original": {
        "owner": "hrsh7th",
        "repo": "nvim-cmp",
        "type": "github"
      }
    },
    "nvim-lspconfig": {
      "flake": false,
      "locked": {
        "lastModified": 1742294080,
        "narHash": "sha256-ianirkMhft5JfQZqiywnD2J/WYHQZeRuQNDtHiSmDxk=",
        "owner": "neovim",
        "repo": "nvim-lspconfig",
        "rev": "185b2af444b27d6541c02d662b5b68190e5cf0c4",
        "type": "github"
      },
      "original": {
        "owner": "neovim",
        "repo": "nvim-lspconfig",
        "type": "github"
      }
    },
    "nvim-tree": {
      "flake": false,
      "locked": {
        "lastModified": 1740787655,
        "narHash": "sha256-KSrY1K64yC6dPDd3DF15bVWs2N7B0BPS9enfmJgTzC4=",
        "owner": "kyazdani42",
        "repo": "nvim-tree.lua",
        "rev": "c09ff35de503a41fa62465c6b4ae72d96e7a7ce4",
        "type": "github"
      },
      "original": {
        "owner": "kyazdani42",
        "repo": "nvim-tree.lua",
        "type": "github"
      }
    },
    "nvim-treesitter": {
      "flake": false,
      "locked": {
        "lastModified": 1742374128,
        "narHash": "sha256-FdBo1z4MU58HTmovd3mTRVfrItUC+d2f4LI+tWD5yUQ=",
        "owner": "nvim-treesitter",
        "repo": "nvim-treesitter",
        "rev": "f09a2215b8fed4c2e86f2dd1912e14166958c06a",
        "type": "github"
      },
      "original": {
        "owner": "nvim-treesitter",
        "repo": "nvim-treesitter",
        "type": "github"
      }
    },
    "nvim-web-devicons": {
      "flake": false,
      "locked": {
        "lastModified": 1742215722,
        "narHash": "sha256-JKOvXJr1s2lpP5aeRE7OC3IeOrF5uJxg/Tal3eScd6g=",
        "owner": "nvim-tree",
        "repo": "nvim-web-devicons",
        "rev": "4c3a5848ee0b09ecdea73adcd2a689190aeb728c",
        "type": "github"
      },
      "original": {
        "owner": "nvim-tree",
        "repo": "nvim-web-devicons",
        "type": "github"
      }
    },
    "plenary": {
      "flake": false,
      "locked": {
        "lastModified": 1739311008,
        "narHash": "sha256-8FV5RjF7QbDmQOQynpK7uRKONKbPRYbOPugf9ZxNvUs=",
        "owner": "nvim-lua",
        "repo": "plenary.nvim",
        "rev": "857c5ac632080dba10aae49dba902ce3abf91b35",
        "type": "github"
      },
      "original": {
        "owner": "nvim-lua",
        "repo": "plenary.nvim",
        "type": "github"
      }
    },
    "root": {
      "inputs": {
        "alpha-nvim": "alpha-nvim",
        "cmp-buffer": "cmp-buffer",
        "cmp-cmdline": "cmp-cmdline",
        "cmp-nvim-lsp": "cmp-nvim-lsp",
        "cmp-path": "cmp-path",
        "conform-nvim": "conform-nvim",
        "copilot": "copilot",
        "flake-utils": "flake-utils",
        "formatter-nvim": "formatter-nvim",
        "fugitive": "fugitive",
        "gitsigns": "gitsigns",
        "gruvbox-nvim": "gruvbox-nvim",
        "jsregexp": "jsregexp",
        "lualine-nvim": "lualine-nvim",
        "luasnip": "luasnip",
        "nerd-commenter": "nerd-commenter",
        "nightfox-nvim": "nightfox-nvim",
        "nixpkgs": "nixpkgs",
        "none-ls": "none-ls",
        "none-ls-extras": "none-ls-extras",
        "nvim-cmp": "nvim-cmp",
        "nvim-lspconfig": "nvim-lspconfig",
        "nvim-tree": "nvim-tree",
        "nvim-treesitter": "nvim-treesitter",
        "nvim-web-devicons": "nvim-web-devicons",
        "plenary": "plenary",
        "smooth-scroll": "smooth-scroll",
        "stylish-haskell": "stylish-haskell",
        "telescope": "telescope",
        "telescope-fzy-native": "telescope-fzy-native",
        "tokyonight-nvim": "tokyonight-nvim",
        "vim-nix": "vim-nix",
        "vim-python-virtualenv": "vim-python-virtualenv",
        "vim-rooter": "vim-rooter",
        "vim-sensible": "vim-sensible",
        "vim-stylish-haskell": "vim-stylish-haskell",
        "vim-surround": "vim-surround"
      }
    },
    "smooth-scroll": {
      "flake": false,
      "locked": {
        "lastModified": 1733522270,
        "narHash": "sha256-JOqUISmS+sxYYFlrsj1hRwowxq0DW8EHB5jqGNNTC28=",
        "owner": "karb94",
        "repo": "neoscroll.nvim",
        "rev": "f957373912e88579e26fdaea4735450ff2ef5c9c",
        "type": "github"
      },
      "original": {
        "owner": "karb94",
        "repo": "neoscroll.nvim",
        "type": "github"
      }
    },
    "stylish-haskell": {
      "flake": false,
      "locked": {
        "lastModified": 1737268905,
        "narHash": "sha256-0YoQKUnzGSSP48OlnP7Nq8ANJpRj3Ri8QwMYCZROlj0=",
        "owner": "haskell",
        "repo": "stylish-haskell",
        "rev": "29e933db9ba27be66a3da3a66099a87d25541695",
        "type": "github"
      },
      "original": {
        "owner": "haskell",
        "repo": "stylish-haskell",
        "type": "github"
      }
    },
    "systems": {
      "locked": {
        "lastModified": 1681028828,
        "narHash": "sha256-Vy1rq5AaRuLzOxct8nz4T6wlgyUR7zLU309k9mBC768=",
        "owner": "nix-systems",
        "repo": "default",
        "rev": "da67096a3b9bf56a91d16901293e51ba5b49a27e",
        "type": "github"
      },
      "original": {
        "owner": "nix-systems",
        "repo": "default",
        "type": "github"
      }
    },
    "telescope": {
      "flake": false,
      "locked": {
        "lastModified": 1742346322,
        "narHash": "sha256-GF1zOHZItVZm3bx2wqI4hPj7EXQJ2F9KS4MtaEt2gm0=",
        "owner": "nvim-telescope",
        "repo": "telescope.nvim",
        "rev": "a4ed82509cecc56df1c7138920a1aeaf246c0ac5",
        "type": "github"
      },
      "original": {
        "owner": "nvim-telescope",
        "repo": "telescope.nvim",
        "type": "github"
      }
    },
    "telescope-fzy-native": {
      "flake": false,
      "locked": {
        "lastModified": 1662879374,
        "narHash": "sha256-ntSc/Z2KGwAPwBSgQ2m+Q9HgpGUwGbd+4fA/dtzOXY4=",
        "owner": "nvim-telescope",
        "repo": "telescope-fzy-native.nvim",
        "rev": "282f069504515eec762ab6d6c89903377252bf5b",
        "type": "github"
      },
      "original": {
        "owner": "nvim-telescope",
        "repo": "telescope-fzy-native.nvim",
        "type": "github"
      }
    },
    "tokyonight-nvim": {
      "flake": false,
      "locked": {
        "lastModified": 1739909711,
        "narHash": "sha256-1xZhQR1BhH2eqax0swlNtnPWIEUTxSOab6sQ3Fv9WQA=",
        "owner": "folke",
        "repo": "tokyonight.nvim",
        "rev": "057ef5d260c1931f1dffd0f052c685dcd14100a3",
        "type": "github"
      },
      "original": {
        "owner": "folke",
        "repo": "tokyonight.nvim",
        "type": "github"
      }
    },
    "vim-nix": {
      "flake": false,
      "locked": {
        "lastModified": 1738443453,
        "narHash": "sha256-Hmn8EVlvMQnQF8COeb89cgl5+A83kagOjGsmvm5WNoE=",
        "owner": "LnL7",
        "repo": "vim-nix",
        "rev": "7235c7ce2cea530cb6b59bc3e46d4bfe917d15c8",
        "type": "github"
      },
      "original": {
        "owner": "LnL7",
        "repo": "vim-nix",
        "type": "github"
      }
    },
    "vim-python-virtualenv": {
      "flake": false,
      "locked": {
        "lastModified": 1640412467,
        "narHash": "sha256-UGVU+m7sDSDG/U3vBH9s4VY6f9ArQfgaE4Zl5fzyi7E=",
        "owner": "sansyrox",
        "repo": "vim-python-virtualenv",
        "rev": "82730c6060be1ac3ac9bcbd3690704c1b5236329",
        "type": "github"
      },
      "original": {
        "owner": "sansyrox",
        "repo": "vim-python-virtualenv",
        "type": "github"
      }
    },
    "vim-rooter": {
      "flake": false,
      "locked": {
        "lastModified": 1727254127,
        "narHash": "sha256-JrpYcQ/mJQQUvDdsYlaaep6J6/irDIrCAb8W49JHqzk=",
        "owner": "airblade",
        "repo": "vim-rooter",
        "rev": "51402fb77c4d6ae94994e37dc7ca13bec8f4afcc",
        "type": "github"
      },
      "original": {
        "owner": "airblade",
        "repo": "vim-rooter",
        "type": "github"
      }
    },
    "vim-sensible": {
      "flake": false,
      "locked": {
        "lastModified": 1717864072,
        "narHash": "sha256-1eomYzMHQSAmYr+GggGcK0UM6jYcS3Vd05zOM1X2MCg=",
        "owner": "tpope",
        "repo": "vim-sensible",
        "rev": "0ce2d843d6f588bb0c8c7eec6449171615dc56d9",
        "type": "github"
      },
      "original": {
        "owner": "tpope",
        "repo": "vim-sensible",
        "type": "github"
      }
    },
    "vim-stylish-haskell": {
      "flake": false,
      "locked": {
        "lastModified": 1659950635,
        "narHash": "sha256-51RENZp53McViY5ZOeuB1A8B7FW9TFO5FEEUIvPEEWM=",
        "owner": "nbouscal",
        "repo": "vim-stylish-haskell",
        "rev": "60a59fd767956c40372b5aeab2d68a0a953ebb2b",
        "type": "github"
      },
      "original": {
        "owner": "nbouscal",
        "repo": "vim-stylish-haskell",
        "type": "github"
      }
    },
    "vim-surround": {
      "flake": false,
      "locked": {
        "lastModified": 1666730476,
        "narHash": "sha256-DZE5tkmnT+lAvx/RQHaDEgEJXRKsy56KJY919xiH1lE=",
        "owner": "tpope",
        "repo": "vim-surround",
        "rev": "3d188ed2113431cf8dac77be61b842acb64433d9",
        "type": "github"
      },
      "original": {
        "owner": "tpope",
        "repo": "vim-surround",
        "type": "github"
      }
    }
  },
  "root": "root",
  "version": 7
}
