{
  "nodes": {
    "cmp-buffer": {
      "flake": false,
      "locked": {
        "lastModified": 1660101488,
        "narHash": "sha256-dG4U7MtnXThoa/PD+qFtCt76MQ14V1wX8GMYcvxEnbM=",
        "owner": "hrsh7th",
        "repo": "cmp-buffer",
        "rev": "3022dbc9166796b644a841a02de8dd1cc1d311fa",
        "type": "github"
      },
      "original": {
        "owner": "hrsh7th",
        "repo": "cmp-buffer",
        "type": "github"
      }
    },
    "cmp-cmdline": {
      "flake": false,
      "locked": {
        "lastModified": 1676566607,
        "narHash": "sha256-Yz2N7bzpQE4Qt89CAO3LEvBkhtgJR4OPN+734IayEK4=",
        "owner": "hrsh7th",
        "repo": "cmp-cmdline",
        "rev": "8fcc934a52af96120fe26358985c10c035984b53",
        "type": "github"
      },
      "original": {
        "owner": "hrsh7th",
        "repo": "cmp-cmdline",
        "type": "github"
      }
    },
    "cmp-nvim-lsp": {
      "flake": false,
      "locked": {
        "lastModified": 1675708067,
        "narHash": "sha256-DxpcPTBlvVP88PDoTheLV2fC76EXDqS2UpM5mAfj/D4=",
        "owner": "hrsh7th",
        "repo": "cmp-nvim-lsp",
        "rev": "0e6b2ed705ddcff9738ec4ea838141654f12eeef",
        "type": "github"
      },
      "original": {
        "owner": "hrsh7th",
        "repo": "cmp-nvim-lsp",
        "type": "github"
      }
    },
    "cmp-path": {
      "flake": false,
      "locked": {
        "lastModified": 1664784283,
        "narHash": "sha256-thppiiV3wjIaZnAXmsh7j3DUc6ceSCvGzviwFUnoPaI=",
        "owner": "hrsh7th",
        "repo": "cmp-path",
        "rev": "91ff86cd9c29299a64f968ebb45846c485725f23",
        "type": "github"
      },
      "original": {
        "owner": "hrsh7th",
        "repo": "cmp-path",
        "type": "github"
      }
    },
    "copilot": {
      "flake": false,
      "locked": {
        "lastModified": 1680027228,
        "narHash": "sha256-3u+2azMRm24mp5iOrxwYg9QrM2xJHnSjGsldIDRS6HQ=",
        "owner": "zbirenbaum",
        "repo": "copilot.lua",
        "rev": "f0b41fb89ef2ed7ab4e8cd5208a30755aa638fc4",
        "type": "github"
      },
      "original": {
        "owner": "zbirenbaum",
        "repo": "copilot.lua",
        "type": "github"
      }
    },
    "edgedb-vim": {
      "flake": false,
      "locked": {
        "lastModified": 1666800460,
        "narHash": "sha256-B+QoPTX/NwZfi8bVnSSlLli9qc12PyGUDMg4UYxpUgQ=",
        "owner": "edgedb",
        "repo": "edgedb-vim",
        "rev": "a888b285a30ede6f5fcb03617733b3974356c450",
        "type": "github"
      },
      "original": {
        "owner": "edgedb",
        "repo": "edgedb-vim",
        "type": "github"
      }
    },
    "flake-compat": {
      "flake": false,
      "locked": {
        "lastModified": 1673956053,
        "narHash": "sha256-4gtG9iQuiKITOjNQQeQIpoIB6b16fm+504Ch3sNKLd8=",
        "owner": "edolstra",
        "repo": "flake-compat",
        "rev": "35bb57c0c8d8b62bbfd284272c928ceb64ddbde9",
        "type": "github"
      },
      "original": {
        "owner": "edolstra",
        "repo": "flake-compat",
        "type": "github"
      }
    },
    "flake-utils": {
      "locked": {
        "lastModified": 1678901627,
        "narHash": "sha256-U02riOqrKKzwjsxc/400XnElV+UtPUQWpANPlyazjH0=",
        "owner": "numtide",
        "repo": "flake-utils",
        "rev": "93a2b84fc4b70d9e089d029deacc3583435c2ed6",
        "type": "github"
      },
      "original": {
        "owner": "numtide",
        "repo": "flake-utils",
        "type": "github"
      }
    },
    "flake-utils_2": {
      "locked": {
        "lastModified": 1667395993,
        "narHash": "sha256-nuEHfE/LcWyuSWnS8t12N1wc105Qtau+/OdUAjtQ0rA=",
        "owner": "numtide",
        "repo": "flake-utils",
        "rev": "5aed5285a952e0b949eb3ba02c12fa4fcfef535f",
        "type": "github"
      },
      "original": {
        "owner": "numtide",
        "repo": "flake-utils",
        "type": "github"
      }
    },
    "formatter-nvim": {
      "flake": false,
      "locked": {
        "lastModified": 1677445703,
        "narHash": "sha256-HbMzVj6eKfCfsIWtP7gArxwjpTlnF3D53F3DBd2/mxk=",
        "owner": "mhartington",
        "repo": "formatter.nvim",
        "rev": "ed949c13e1a942db29ababa35e8c7864ced90eb6",
        "type": "github"
      },
      "original": {
        "owner": "mhartington",
        "repo": "formatter.nvim",
        "type": "github"
      }
    },
    "fugitive": {
      "flake": false,
      "locked": {
        "lastModified": 1679734719,
        "narHash": "sha256-Ir85yd4eQTWMSUaQdkFabwfthhTAToXXuFR5wenbrGg=",
        "owner": "tpope",
        "repo": "vim-fugitive",
        "rev": "9acbad1335ee6f30a8497733dcb2373c4550c8a2",
        "type": "github"
      },
      "original": {
        "owner": "tpope",
        "repo": "vim-fugitive",
        "type": "github"
      }
    },
    "gitsigns": {
      "flake": false,
      "locked": {
        "lastModified": 1679495319,
        "narHash": "sha256-McgT3aQ21uiBRMbcHNf10frE2aJDO0TStSoc1Um0n20=",
        "owner": "lewis6991",
        "repo": "gitsigns.nvim",
        "rev": "ca473e28382f1524aa3d2b6f04bcf54f2e6a64cb",
        "type": "github"
      },
      "original": {
        "owner": "lewis6991",
        "repo": "gitsigns.nvim",
        "type": "github"
      }
    },
    "gruvbox-nvim": {
      "flake": false,
      "locked": {
        "lastModified": 1679882284,
        "narHash": "sha256-MnV+9bF8xOPN2YvRArApjE1T5ixWVD1UpOHEwQE2r/8=",
        "owner": "ellisonleao",
        "repo": "gruvbox.nvim",
        "rev": "2fc3ea0836aa91e50e5a98e232549a65de366d93",
        "type": "github"
      },
      "original": {
        "owner": "ellisonleao",
        "repo": "gruvbox.nvim",
        "type": "github"
      }
    },
    "lualine-nvim": {
      "flake": false,
      "locked": {
        "lastModified": 1676394253,
        "narHash": "sha256-mItWWRqWj9a/JaW8sccnGBijBsvvnh/b4q/S60UwYwc=",
        "owner": "nvim-lualine",
        "repo": "lualine.nvim",
        "rev": "e99d733e0213ceb8f548ae6551b04ae32e590c80",
        "type": "github"
      },
      "original": {
        "owner": "nvim-lualine",
        "repo": "lualine.nvim",
        "type": "github"
      }
    },
    "luasnip": {
      "flake": false,
      "locked": {
        "lastModified": 1679948630,
        "narHash": "sha256-aZ3q/x/c46010iDbynTREx/+bWOCw9Lbwx/wM47HLEY=",
        "owner": "L3MON4D3",
        "repo": "LuaSnip",
        "rev": "bc8ec05022743d3f08bda7a76c6bb5e9a9024581",
        "type": "github"
      },
      "original": {
        "owner": "L3MON4D3",
        "repo": "LuaSnip",
        "type": "github"
      }
    },
    "neovim-flake": {
      "inputs": {
        "flake-utils": "flake-utils_2",
        "nixpkgs": [
          "neovim-nightly-overlay",
          "nixpkgs"
        ]
      },
      "locked": {
        "dir": "contrib",
        "lastModified": 1680076741,
        "narHash": "sha256-Xc4IY54hYDnHotzYGoqvdQWwi19jy6gpt0hNiw4X8r0=",
        "owner": "neovim",
        "repo": "neovim",
        "rev": "b7748662ed5b06c12a74560690b728fdf770666f",
        "type": "github"
      },
      "original": {
        "dir": "contrib",
        "owner": "neovim",
        "repo": "neovim",
        "type": "github"
      }
    },
    "neovim-nightly-overlay": {
      "inputs": {
        "flake-compat": "flake-compat",
        "neovim-flake": "neovim-flake",
        "nixpkgs": "nixpkgs"
      },
      "locked": {
        "lastModified": 1680077682,
        "narHash": "sha256-d8NDUvTAR5ff+RbL5hS8P2xBcTjeTyEDe6o7GiPwVPI=",
        "owner": "nix-community",
        "repo": "neovim-nightly-overlay",
        "rev": "6cf1e98e9ec0b48f6f20035fbcae63ef1d6ae18e",
        "type": "github"
      },
      "original": {
        "owner": "nix-community",
        "repo": "neovim-nightly-overlay",
        "type": "github"
      }
    },
    "nerd-commenter": {
      "flake": false,
      "locked": {
        "lastModified": 1675628052,
        "narHash": "sha256-B7LIhUM2EM3OZxnSP6xAXmbMrWz7u3B1yHx8JuFjIkc=",
        "owner": "preservim",
        "repo": "nerdcommenter",
        "rev": "d069f7fb562fb9eb6911fe23cda7aca2a387043e",
        "type": "github"
      },
      "original": {
        "owner": "preservim",
        "repo": "nerdcommenter",
        "type": "github"
      }
    },
    "nightfox-nvim": {
      "flake": false,
      "locked": {
        "lastModified": 1679864904,
        "narHash": "sha256-FPZZILOVCyT+djiKkk1XX178DyMFJpOSRFYgNcOOuVk=",
        "owner": "EdenEast",
        "repo": "nightfox.nvim",
        "rev": "4b73c9d0995eb1a43e284534b97a543ca21c5c77",
        "type": "github"
      },
      "original": {
        "owner": "EdenEast",
        "repo": "nightfox.nvim",
        "type": "github"
      }
    },
    "nixpkgs": {
      "locked": {
        "lastModified": 1680030621,
        "narHash": "sha256-qQa1NeS5Rvk2lgK5lSk986PC6I72yIHejzM8PFu+dHs=",
        "owner": "nixos",
        "repo": "nixpkgs",
        "rev": "402cc3633cc60dfc50378197305c984518b30773",
        "type": "github"
      },
      "original": {
        "owner": "nixos",
        "ref": "nixpkgs-unstable",
        "repo": "nixpkgs",
        "type": "github"
      }
    },
    "nixpkgs_2": {
      "locked": {
        "lastModified": 1680030621,
        "narHash": "sha256-qQa1NeS5Rvk2lgK5lSk986PC6I72yIHejzM8PFu+dHs=",
        "owner": "nixos",
        "repo": "nixpkgs",
        "rev": "402cc3633cc60dfc50378197305c984518b30773",
        "type": "github"
      },
      "original": {
        "owner": "nixos",
        "ref": "nixpkgs-unstable",
        "repo": "nixpkgs",
        "type": "github"
      }
    },
    "null-ls": {
      "flake": false,
      "locked": {
        "lastModified": 1680111060,
        "narHash": "sha256-81/2tpGLrsIz6MB5lF85cS+EfGQK9eBI9zYz3hRZH3o=",
        "owner": "jose-elias-alvarez",
        "repo": "null-ls.nvim",
        "rev": "01e035ac1c0ba1cc7a688110e3a9f939cab1f454",
        "type": "github"
      },
      "original": {
        "owner": "jose-elias-alvarez",
        "repo": "null-ls.nvim",
        "type": "github"
      }
    },
    "nvim-cmp": {
      "flake": false,
      "locked": {
        "lastModified": 1679026924,
        "narHash": "sha256-CoHGIiZrhRAHZ/Er0JSQMapI7jwllNF5OysLlx2QEik=",
        "owner": "hrsh7th",
        "repo": "nvim-cmp",
        "rev": "777450fd0ae289463a14481673e26246b5e38bf2",
        "type": "github"
      },
      "original": {
        "owner": "hrsh7th",
        "repo": "nvim-cmp",
        "type": "github"
      }
    },
    "nvim-lspconfig": {
      "flake": false,
      "locked": {
        "lastModified": 1680125154,
        "narHash": "sha256-NUP42/xK+K+YjvR2rQePBIkeaiD6S8cff2POgnsfD/Y=",
        "owner": "neovim",
        "repo": "nvim-lspconfig",
        "rev": "9139e5c90801029ff3602cac5d722e7036b6b176",
        "type": "github"
      },
      "original": {
        "owner": "neovim",
        "repo": "nvim-lspconfig",
        "type": "github"
      }
    },
    "nvim-tree": {
      "flake": false,
      "locked": {
        "lastModified": 1679961168,
        "narHash": "sha256-9e5kBw9cZX08uQAfFb/YP17a1biDR8PNg617PhkKJhk=",
        "owner": "kyazdani42",
        "repo": "nvim-tree.lua",
        "rev": "45400cd7e02027937cd5e49845545e606ecf5a1f",
        "type": "github"
      },
      "original": {
        "owner": "kyazdani42",
        "repo": "nvim-tree.lua",
        "type": "github"
      }
    },
    "nvim-treesitter": {
      "flake": false,
      "locked": {
        "lastModified": 1680075722,
        "narHash": "sha256-l4X83x9k1xmLPEMmTdHorC1UKp5hSJFllQnVrTrqPmc=",
        "owner": "nvim-treesitter",
        "repo": "nvim-treesitter",
        "rev": "9850baa958d6a1edd6586d77e354d89249f97a88",
        "type": "github"
      },
      "original": {
        "owner": "nvim-treesitter",
        "repo": "nvim-treesitter",
        "type": "github"
      }
    },
    "nvim-typescript": {
      "flake": false,
      "locked": {
        "lastModified": 1672710615,
        "narHash": "sha256-PHVY5NJbOGvY9p0F0QNSfMKmAWdqjw1RB0Vspq88qMI=",
        "owner": "jose-elias-alvarez",
        "repo": "typescript.nvim",
        "rev": "f66d4472606cb24615dfb7dbc6557e779d177624",
        "type": "github"
      },
      "original": {
        "owner": "jose-elias-alvarez",
        "repo": "typescript.nvim",
        "type": "github"
      }
    },
    "plenary": {
      "flake": false,
      "locked": {
        "lastModified": 1676797549,
        "narHash": "sha256-z5JHuQcF1EvySnRBywl6EOrp8aRO0nd2dnkXJg2ge58=",
        "owner": "nvim-lua",
        "repo": "plenary.nvim",
        "rev": "253d34830709d690f013daf2853a9d21ad7accab",
        "type": "github"
      },
      "original": {
        "owner": "nvim-lua",
        "repo": "plenary.nvim",
        "type": "github"
      }
    },
    "root": {
      "inputs": {
        "cmp-buffer": "cmp-buffer",
        "cmp-cmdline": "cmp-cmdline",
        "cmp-nvim-lsp": "cmp-nvim-lsp",
        "cmp-path": "cmp-path",
        "copilot": "copilot",
        "edgedb-vim": "edgedb-vim",
        "flake-utils": "flake-utils",
        "formatter-nvim": "formatter-nvim",
        "fugitive": "fugitive",
        "gitsigns": "gitsigns",
        "gruvbox-nvim": "gruvbox-nvim",
        "lualine-nvim": "lualine-nvim",
        "luasnip": "luasnip",
        "neovim-nightly-overlay": "neovim-nightly-overlay",
        "nerd-commenter": "nerd-commenter",
        "nightfox-nvim": "nightfox-nvim",
        "nixpkgs": "nixpkgs_2",
        "null-ls": "null-ls",
        "nvim-cmp": "nvim-cmp",
        "nvim-lspconfig": "nvim-lspconfig",
        "nvim-tree": "nvim-tree",
        "nvim-treesitter": "nvim-treesitter",
        "nvim-typescript": "nvim-typescript",
        "plenary": "plenary",
        "rust-tools": "rust-tools",
        "telescope": "telescope",
        "telescope-fzy-native": "telescope-fzy-native",
        "tokyonight-nvim": "tokyonight-nvim",
        "vim-glsl": "vim-glsl",
        "vim-nix": "vim-nix",
        "vim-python-virtualenv": "vim-python-virtualenv",
        "vim-rooter": "vim-rooter",
        "vim-rzip": "vim-rzip",
        "vim-sensible": "vim-sensible",
        "vim-surround": "vim-surround"
      }
    },
    "rust-tools": {
      "flake": false,
      "locked": {
        "lastModified": 1676929960,
        "narHash": "sha256-Cuk/vdoviB9ibt2rrkNRmNFy4S+6czhbExmIjTJRdZM=",
        "owner": "simrat39",
        "repo": "rust-tools.nvim",
        "rev": "71d2cf67b5ed120a0e31b2c8adb210dd2834242f",
        "type": "github"
      },
      "original": {
        "owner": "simrat39",
        "repo": "rust-tools.nvim",
        "type": "github"
      }
    },
    "telescope": {
      "flake": false,
      "locked": {
        "lastModified": 1679492995,
        "narHash": "sha256-Kyw9ryb8YgAKFWLac9yl/fD3nNcu7mv7xzuNU6pDMkU=",
        "owner": "nvim-telescope",
        "repo": "telescope.nvim",
        "rev": "942fe5faef47b21241e970551eba407bc10d9547",
        "type": "github"
      },
      "original": {
        "owner": "nvim-telescope",
        "repo": "telescope.nvim",
        "type": "github"
      }
    },
    "telescope-fzy-native": {
      "flake": false,
      "locked": {
        "lastModified": 1662879374,
        "narHash": "sha256-ntSc/Z2KGwAPwBSgQ2m+Q9HgpGUwGbd+4fA/dtzOXY4=",
        "owner": "nvim-telescope",
        "repo": "telescope-fzy-native.nvim",
        "rev": "282f069504515eec762ab6d6c89903377252bf5b",
        "type": "github"
      },
      "original": {
        "owner": "nvim-telescope",
        "repo": "telescope-fzy-native.nvim",
        "type": "github"
      }
    },
    "tokyonight-nvim": {
      "flake": false,
      "locked": {
        "lastModified": 1679554571,
        "narHash": "sha256-M1fX5o8w6MbDX46HiN1Nw9xjG4Z79zraPKi0VUpyyVU=",
        "owner": "folke",
        "repo": "tokyonight.nvim",
        "rev": "1b0c88094548a62641ece1e668fa9a234e1c539e",
        "type": "github"
      },
      "original": {
        "owner": "folke",
        "repo": "tokyonight.nvim",
        "type": "github"
      }
    },
    "vim-glsl": {
      "flake": false,
      "locked": {
        "lastModified": 1652211403,
        "narHash": "sha256-dpdvjEtDnD72Sn+9wGrsKa0X8HcMsY1j5eAXWEt6F1s=",
        "owner": "tikhomirov",
        "repo": "vim-glsl",
        "rev": "bfd330a271933c3372fcfa8ce052970746c8e9dd",
        "type": "github"
      },
      "original": {
        "owner": "tikhomirov",
        "repo": "vim-glsl",
        "type": "github"
      }
    },
    "vim-nix": {
      "flake": false,
      "locked": {
        "lastModified": 1650919516,
        "narHash": "sha256-W6ExP+iDNo5T8XazxHRpUiECGv+AU5PPoM4CmU7NV+0=",
        "owner": "LnL7",
        "repo": "vim-nix",
        "rev": "7d23e97d13c40fcc6d603b291fe9b6e5f92516ee",
        "type": "github"
      },
      "original": {
        "owner": "LnL7",
        "repo": "vim-nix",
        "type": "github"
      }
    },
    "vim-python-virtualenv": {
      "flake": false,
      "locked": {
        "lastModified": 1640412467,
        "narHash": "sha256-UGVU+m7sDSDG/U3vBH9s4VY6f9ArQfgaE4Zl5fzyi7E=",
        "owner": "sansyrox",
        "repo": "vim-python-virtualenv",
        "rev": "82730c6060be1ac3ac9bcbd3690704c1b5236329",
        "type": "github"
      },
      "original": {
        "owner": "sansyrox",
        "repo": "vim-python-virtualenv",
        "type": "github"
      }
    },
    "vim-rooter": {
      "flake": false,
      "locked": {
        "lastModified": 1673621824,
        "narHash": "sha256-2kPeDD5oUBWO0DZPALqMiY9D7lqaKBge0MwC1kNZPIs=",
        "owner": "airblade",
        "repo": "vim-rooter",
        "rev": "4f52ca556a0b9e257bf920658714470ea0320b7a",
        "type": "github"
      },
      "original": {
        "owner": "airblade",
        "repo": "vim-rooter",
        "type": "github"
      }
    },
    "vim-rzip": {
      "flake": false,
      "locked": {
        "lastModified": 1676657756,
        "narHash": "sha256-xy7rNqDVqlGapKClrP5BhfOORlMzHOQ8oIc8FdZT/AE=",
        "owner": "lbrayner",
        "repo": "vim-rzip",
        "rev": "f65400fed27b27c7cff7ef8d428c4e5ff749bf28",
        "type": "github"
      },
      "original": {
        "owner": "lbrayner",
        "repo": "vim-rzip",
        "type": "github"
      }
    },
    "vim-sensible": {
      "flake": false,
      "locked": {
        "lastModified": 1680096714,
        "narHash": "sha256-wdbUjdR/lGP0v9gblgQXNaokMpUluLZrfujWTy1oXoI=",
        "owner": "tpope",
        "repo": "vim-sensible",
        "rev": "3e878abfd6ddc6fb5dba48b41f2b72c3a2f8249f",
        "type": "github"
      },
      "original": {
        "owner": "tpope",
        "repo": "vim-sensible",
        "type": "github"
      }
    },
    "vim-surround": {
      "flake": false,
      "locked": {
        "lastModified": 1666730476,
        "narHash": "sha256-DZE5tkmnT+lAvx/RQHaDEgEJXRKsy56KJY919xiH1lE=",
        "owner": "tpope",
        "repo": "vim-surround",
        "rev": "3d188ed2113431cf8dac77be61b842acb64433d9",
        "type": "github"
      },
      "original": {
        "owner": "tpope",
        "repo": "vim-surround",
        "type": "github"
      }
    }
  },
  "root": "root",
  "version": 7
}
