{
  "nodes": {
    "alpha-nvim": {
      "flake": false,
      "locked": {
        "lastModified": 1708891191,
        "narHash": "sha256-kTVPKZ/e1us/uHfSwFwR38lFYN8EotJq2jKz6xm/eqg=",
        "owner": "goolord",
        "repo": "alpha-nvim",
        "rev": "41283fb402713fc8b327e60907f74e46166f4cfd",
        "type": "github"
      },
      "original": {
        "owner": "goolord",
        "repo": "alpha-nvim",
        "type": "github"
      }
    },
    "cmp-buffer": {
      "flake": false,
      "locked": {
        "lastModified": 1660101488,
        "narHash": "sha256-dG4U7MtnXThoa/PD+qFtCt76MQ14V1wX8GMYcvxEnbM=",
        "owner": "hrsh7th",
        "repo": "cmp-buffer",
        "rev": "3022dbc9166796b644a841a02de8dd1cc1d311fa",
        "type": "github"
      },
      "original": {
        "owner": "hrsh7th",
        "repo": "cmp-buffer",
        "type": "github"
      }
    },
    "cmp-cmdline": {
      "flake": false,
      "locked": {
        "lastModified": 1711081050,
        "narHash": "sha256-iBmXp+gUSMbgfkv7c7RDQAwPq02e07wEnBETP0dWBOo=",
        "owner": "hrsh7th",
        "repo": "cmp-cmdline",
        "rev": "d250c63aa13ead745e3a40f61fdd3470efde3923",
        "type": "github"
      },
      "original": {
        "owner": "hrsh7th",
        "repo": "cmp-cmdline",
        "type": "github"
      }
    },
    "cmp-nvim-lsp": {
      "flake": false,
      "locked": {
        "lastModified": 1702205473,
        "narHash": "sha256-/0sh9vJBD9pUuD7q3tNSQ1YLvxFMNykdg5eG+LjZAA8=",
        "owner": "hrsh7th",
        "repo": "cmp-nvim-lsp",
        "rev": "5af77f54de1b16c34b23cba810150689a3a90312",
        "type": "github"
      },
      "original": {
        "owner": "hrsh7th",
        "repo": "cmp-nvim-lsp",
        "type": "github"
      }
    },
    "cmp-path": {
      "flake": false,
      "locked": {
        "lastModified": 1664784283,
        "narHash": "sha256-thppiiV3wjIaZnAXmsh7j3DUc6ceSCvGzviwFUnoPaI=",
        "owner": "hrsh7th",
        "repo": "cmp-path",
        "rev": "91ff86cd9c29299a64f968ebb45846c485725f23",
        "type": "github"
      },
      "original": {
        "owner": "hrsh7th",
        "repo": "cmp-path",
        "type": "github"
      }
    },
    "conform-nvim": {
      "flake": false,
      "locked": {
        "lastModified": 1711596350,
        "narHash": "sha256-FS8xUCbznyi87T7u/nj5Eip8MYSlgocNMg4DgpW873Y=",
        "owner": "stevearc",
        "repo": "conform.nvim",
        "rev": "9d5ba06d6ee7418c674f498634617416d15b6239",
        "type": "github"
      },
      "original": {
        "owner": "stevearc",
        "repo": "conform.nvim",
        "type": "github"
      }
    },
    "copilot": {
      "flake": false,
      "locked": {
        "lastModified": 1710452859,
        "narHash": "sha256-tcLrto1Y66MtPnfIcU2PBOxqE0xilVl4JyKU6ddS7bA=",
        "owner": "github",
        "repo": "copilot.vim",
        "rev": "9484e35cf222e9360e05450622a884f95c662c4c",
        "type": "github"
      },
      "original": {
        "owner": "github",
        "repo": "copilot.vim",
        "type": "github"
      }
    },
    "flake-utils": {
      "inputs": {
        "systems": "systems"
      },
      "locked": {
        "lastModified": 1710146030,
        "narHash": "sha256-SZ5L6eA7HJ/nmkzGG7/ISclqe6oZdOZTNoesiInkXPQ=",
        "owner": "numtide",
        "repo": "flake-utils",
        "rev": "b1d9ab70662946ef0850d488da1c9019f3a9752a",
        "type": "github"
      },
      "original": {
        "owner": "numtide",
        "repo": "flake-utils",
        "type": "github"
      }
    },
    "formatter-nvim": {
      "flake": false,
      "locked": {
        "lastModified": 1710786051,
        "narHash": "sha256-pNKa8vPP2cmyGhdoW/S5XoboL4ErVAwiP8YkDGq/TGI=",
        "owner": "mhartington",
        "repo": "formatter.nvim",
        "rev": "ad246d34ce7a32f752071ed81b09b94e6b127fad",
        "type": "github"
      },
      "original": {
        "owner": "mhartington",
        "repo": "formatter.nvim",
        "type": "github"
      }
    },
    "fugitive": {
      "flake": false,
      "locked": {
        "lastModified": 1711658626,
        "narHash": "sha256-/aB2VBIqqAb6nWtEd/XloZelCT0iPXujZQVB9JuNNog=",
        "owner": "tpope",
        "repo": "vim-fugitive",
        "rev": "a83135b55b018a891e0803199c3d418010a404d8",
        "type": "github"
      },
      "original": {
        "owner": "tpope",
        "repo": "vim-fugitive",
        "type": "github"
      }
    },
    "gitsigns": {
      "flake": false,
      "locked": {
        "lastModified": 1710707879,
        "narHash": "sha256-Hde3mGfqPYd8U5JExTei+TBHo2DHl+i07+1yEHQj6sw=",
        "owner": "lewis6991",
        "repo": "gitsigns.nvim",
        "rev": "078041e9d060a386b0c9d3a8c7a7b019a35d3fb0",
        "type": "github"
      },
      "original": {
        "owner": "lewis6991",
        "repo": "gitsigns.nvim",
        "type": "github"
      }
    },
    "gruvbox-nvim": {
      "flake": false,
      "locked": {
        "lastModified": 1706538659,
        "narHash": "sha256-jWnrRy/PT7D0UcPGL+XTbKHWvS0ixvbyqPtTzG9HY84=",
        "owner": "ellisonleao",
        "repo": "gruvbox.nvim",
        "rev": "6e4027ae957cddf7b193adfaec4a8f9e03b4555f",
        "type": "github"
      },
      "original": {
        "owner": "ellisonleao",
        "repo": "gruvbox.nvim",
        "type": "github"
      }
    },
    "lualine-nvim": {
      "flake": false,
      "locked": {
        "lastModified": 1710998293,
        "narHash": "sha256-+2fi58GolO3e0O7+kl+idNeFuTfJA1b5yCBdY2RnVjA=",
        "owner": "nvim-lualine",
        "repo": "lualine.nvim",
        "rev": "b5e8bb642138f787a2c1c5aedc2a78cb2cebbd67",
        "type": "github"
      },
      "original": {
        "owner": "nvim-lualine",
        "repo": "lualine.nvim",
        "type": "github"
      }
    },
    "luasnip": {
      "flake": false,
      "locked": {
        "lastModified": 1709453917,
        "narHash": "sha256-oyMykjBLkk/9S5AutnPKL+DKgfW59TS+kGUE2GsVbHk=",
        "owner": "L3MON4D3",
        "repo": "LuaSnip",
        "rev": "a7a4b4682c4b3e2ba82b82a4e6e5f5a0e79dec32",
        "type": "github"
      },
      "original": {
        "owner": "L3MON4D3",
        "repo": "LuaSnip",
        "type": "github"
      }
    },
    "nerd-commenter": {
      "flake": false,
      "locked": {
        "lastModified": 1702928950,
        "narHash": "sha256-zQy5VN2w9Hqo0Is7Yp2fm1WvBV6QNJwhHm0eozh69TI=",
        "owner": "preservim",
        "repo": "nerdcommenter",
        "rev": "e361a44230860d616f799a337bc58f5218ab6e9c",
        "type": "github"
      },
      "original": {
        "owner": "preservim",
        "repo": "nerdcommenter",
        "type": "github"
      }
    },
    "nightfox-nvim": {
      "flake": false,
      "locked": {
        "lastModified": 1710800073,
        "narHash": "sha256-wNLvE2D9WTBIxHw6NZ+J/wvvcBWEJQB1xz1rvxSFIIc=",
        "owner": "EdenEast",
        "repo": "nightfox.nvim",
        "rev": "e352a32e0f54feb2550ebdab815ae8f7f26ed63b",
        "type": "github"
      },
      "original": {
        "owner": "EdenEast",
        "repo": "nightfox.nvim",
        "type": "github"
      }
    },
    "nixpkgs": {
      "locked": {
        "lastModified": 1711655175,
        "narHash": "sha256-1xiaYhC3ul4y+i3eicYxeERk8ZkrNjLkrFSb/UW36Zw=",
        "owner": "nixos",
        "repo": "nixpkgs",
        "rev": "64c81edb4b97a51c5bbc54c191763ac71a6517ee",
        "type": "github"
      },
      "original": {
        "owner": "nixos",
        "ref": "nixpkgs-unstable",
        "repo": "nixpkgs",
        "type": "github"
      }
    },
    "null-ls": {
      "flake": false,
      "locked": {
        "lastModified": 1691810493,
        "narHash": "sha256-cWA0rzkOp/ekVKaFee7iea1lhnqKtWUIU+fW5M950wI=",
        "owner": "jose-elias-alvarez",
        "repo": "null-ls.nvim",
        "rev": "0010ea927ab7c09ef0ce9bf28c2b573fc302f5a7",
        "type": "github"
      },
      "original": {
        "owner": "jose-elias-alvarez",
        "repo": "null-ls.nvim",
        "type": "github"
      }
    },
    "nvim-cmp": {
      "flake": false,
      "locked": {
        "lastModified": 1711280674,
        "narHash": "sha256-VFtf1mI1ucClWzsWn+rf+TlC3ZgkYPiHrPTQZci9zrQ=",
        "owner": "hrsh7th",
        "repo": "nvim-cmp",
        "rev": "97dc716fc914c46577a4f254035ebef1aa72558a",
        "type": "github"
      },
      "original": {
        "owner": "hrsh7th",
        "repo": "nvim-cmp",
        "type": "github"
      }
    },
    "nvim-lspconfig": {
      "flake": false,
      "locked": {
        "lastModified": 1711258752,
        "narHash": "sha256-kLL+kw0TaMA4uWC5Rng+v1Enm4N+Te8he/eU/ijQSvA=",
        "owner": "neovim",
        "repo": "nvim-lspconfig",
        "rev": "6e5c78ebc9936ca74add66bda22c566f951b6ee5",
        "type": "github"
      },
      "original": {
        "owner": "neovim",
        "repo": "nvim-lspconfig",
        "type": "github"
      }
    },
    "nvim-tree": {
      "flake": false,
      "locked": {
        "lastModified": 1711416228,
        "narHash": "sha256-ErP+zJQzkf0G7Xiv4VihSwin78VePoTDqwv3ECvboGU=",
        "owner": "kyazdani42",
        "repo": "nvim-tree.lua",
        "rev": "e508bdc4184c33c6d9705c503cf7f0e029601788",
        "type": "github"
      },
      "original": {
        "owner": "kyazdani42",
        "repo": "nvim-tree.lua",
        "type": "github"
      }
    },
    "nvim-treesitter": {
      "flake": false,
      "locked": {
        "lastModified": 1711610847,
        "narHash": "sha256-rtwm8pVsagN4/Cunlt74+BGBx+33xSRi5MwrDFlFepM=",
        "owner": "nvim-treesitter",
        "repo": "nvim-treesitter",
        "rev": "23ba63028c6acca29be6462c0a291fc4a1b9eae8",
        "type": "github"
      },
      "original": {
        "owner": "nvim-treesitter",
        "repo": "nvim-treesitter",
        "type": "github"
      }
    },
    "nvim-web-devicons": {
      "flake": false,
      "locked": {
        "lastModified": 1711417099,
        "narHash": "sha256-G8URFQdABLf3ptj+9kwSFGXly9D+4lkt3SXfbhVDH6g=",
        "owner": "nvim-tree",
        "repo": "nvim-web-devicons",
        "rev": "3ee60deaa539360518eaab93a6c701fe9f4d82ef",
        "type": "github"
      },
      "original": {
        "owner": "nvim-tree",
        "repo": "nvim-web-devicons",
        "type": "github"
      }
    },
    "plenary": {
      "flake": false,
      "locked": {
        "lastModified": 1711369325,
        "narHash": "sha256-wM/FuK24NPEyaWntwT+mi2SuPExC/abXDK9c2WvgUBk=",
        "owner": "nvim-lua",
        "repo": "plenary.nvim",
        "rev": "8aad4396840be7fc42896e3011751b7609ca4119",
        "type": "github"
      },
      "original": {
        "owner": "nvim-lua",
        "repo": "plenary.nvim",
        "type": "github"
      }
    },
    "root": {
      "inputs": {
        "alpha-nvim": "alpha-nvim",
        "cmp-buffer": "cmp-buffer",
        "cmp-cmdline": "cmp-cmdline",
        "cmp-nvim-lsp": "cmp-nvim-lsp",
        "cmp-path": "cmp-path",
        "conform-nvim": "conform-nvim",
        "copilot": "copilot",
        "flake-utils": "flake-utils",
        "formatter-nvim": "formatter-nvim",
        "fugitive": "fugitive",
        "gitsigns": "gitsigns",
        "gruvbox-nvim": "gruvbox-nvim",
        "lualine-nvim": "lualine-nvim",
        "luasnip": "luasnip",
        "nerd-commenter": "nerd-commenter",
        "nightfox-nvim": "nightfox-nvim",
        "nixpkgs": "nixpkgs",
        "null-ls": "null-ls",
        "nvim-cmp": "nvim-cmp",
        "nvim-lspconfig": "nvim-lspconfig",
        "nvim-tree": "nvim-tree",
        "nvim-treesitter": "nvim-treesitter",
        "nvim-web-devicons": "nvim-web-devicons",
        "plenary": "plenary",
        "rust-tools": "rust-tools",
        "smooth-scroll": "smooth-scroll",
        "stylish-haskell": "stylish-haskell",
        "telescope": "telescope",
        "telescope-fzy-native": "telescope-fzy-native",
        "tokyonight-nvim": "tokyonight-nvim",
        "vim-nix": "vim-nix",
        "vim-python-virtualenv": "vim-python-virtualenv",
        "vim-rooter": "vim-rooter",
        "vim-sensible": "vim-sensible",
        "vim-stylish-haskell": "vim-stylish-haskell",
        "vim-surround": "vim-surround"
      }
    },
    "rust-tools": {
      "flake": false,
      "locked": {
        "lastModified": 1704259376,
        "narHash": "sha256-kFane5ze7VDiOzF7jdmXkr50XQsNvdb+a9HQtybEVE0=",
        "owner": "simrat39",
        "repo": "rust-tools.nvim",
        "rev": "676187908a1ce35ffcd727c654ed68d851299d3e",
        "type": "github"
      },
      "original": {
        "owner": "simrat39",
        "repo": "rust-tools.nvim",
        "type": "github"
      }
    },
    "smooth-scroll": {
      "flake": false,
      "locked": {
        "lastModified": 1710089684,
        "narHash": "sha256-CxOdyAA3KGAo5EB2aclUSBEj6zTrI6EuFcJqhYJIrsM=",
        "owner": "karb94",
        "repo": "neoscroll.nvim",
        "rev": "21d52973bde32db998fc8b6590f87eb3c3c6d8e4",
        "type": "github"
      },
      "original": {
        "owner": "karb94",
        "repo": "neoscroll.nvim",
        "type": "github"
      }
    },
    "stylish-haskell": {
      "flake": false,
      "locked": {
        "lastModified": 1705664893,
        "narHash": "sha256-rY2eFy5V4q9G1WL4oRYjEJCOKSwCysgAlj0LgFTkmpg=",
        "owner": "haskell",
        "repo": "stylish-haskell",
        "rev": "e75e1075813399467472914ea4cc3f2a12cab394",
        "type": "github"
      },
      "original": {
        "owner": "haskell",
        "repo": "stylish-haskell",
        "type": "github"
      }
    },
    "systems": {
      "locked": {
        "lastModified": 1681028828,
        "narHash": "sha256-Vy1rq5AaRuLzOxct8nz4T6wlgyUR7zLU309k9mBC768=",
        "owner": "nix-systems",
        "repo": "default",
        "rev": "da67096a3b9bf56a91d16901293e51ba5b49a27e",
        "type": "github"
      },
      "original": {
        "owner": "nix-systems",
        "repo": "default",
        "type": "github"
      }
    },
    "telescope": {
      "flake": false,
      "locked": {
        "lastModified": 1711597154,
        "narHash": "sha256-mimZJmyq5K2x6EkMnR5T6Q1lOy4E3YcDKX0W3OR4JXA=",
        "owner": "nvim-telescope",
        "repo": "telescope.nvim",
        "rev": "b22e6f6896cd64b109bd0807a24098d225d5fb49",
        "type": "github"
      },
      "original": {
        "owner": "nvim-telescope",
        "repo": "telescope.nvim",
        "type": "github"
      }
    },
    "telescope-fzy-native": {
      "flake": false,
      "locked": {
        "lastModified": 1662879374,
        "narHash": "sha256-ntSc/Z2KGwAPwBSgQ2m+Q9HgpGUwGbd+4fA/dtzOXY4=",
        "owner": "nvim-telescope",
        "repo": "telescope-fzy-native.nvim",
        "rev": "282f069504515eec762ab6d6c89903377252bf5b",
        "type": "github"
      },
      "original": {
        "owner": "nvim-telescope",
        "repo": "telescope-fzy-native.nvim",
        "type": "github"
      }
    },
    "tokyonight-nvim": {
      "flake": false,
      "locked": {
        "lastModified": 1711665767,
        "narHash": "sha256-ItCmSUMMTe8iQeneIJLuWedVXsNgm+FXNtdrrdJ/1oE=",
        "owner": "folke",
        "repo": "tokyonight.nvim",
        "rev": "9bf9ec53d5e87b025e2404069b71e7ebdc3a13e5",
        "type": "github"
      },
      "original": {
        "owner": "folke",
        "repo": "tokyonight.nvim",
        "type": "github"
      }
    },
    "vim-nix": {
      "flake": false,
      "locked": {
        "lastModified": 1708772165,
        "narHash": "sha256-2/9eyU+uUbcKiNcBDdgdxCBp1vNSP51U/0LTHihEYJY=",
        "owner": "LnL7",
        "repo": "vim-nix",
        "rev": "e25cd0f2e5922f1f4d3cd969f92e35a9a327ffb0",
        "type": "github"
      },
      "original": {
        "owner": "LnL7",
        "repo": "vim-nix",
        "type": "github"
      }
    },
    "vim-python-virtualenv": {
      "flake": false,
      "locked": {
        "lastModified": 1640412467,
        "narHash": "sha256-UGVU+m7sDSDG/U3vBH9s4VY6f9ArQfgaE4Zl5fzyi7E=",
        "owner": "sansyrox",
        "repo": "vim-python-virtualenv",
        "rev": "82730c6060be1ac3ac9bcbd3690704c1b5236329",
        "type": "github"
      },
      "original": {
        "owner": "sansyrox",
        "repo": "vim-python-virtualenv",
        "type": "github"
      }
    },
    "vim-rooter": {
      "flake": false,
      "locked": {
        "lastModified": 1694694899,
        "narHash": "sha256-OnQmfvNQzwlLZ+Skcp1C4/Nh74h1OiRZRCC3akejcPk=",
        "owner": "airblade",
        "repo": "vim-rooter",
        "rev": "1353fa47ee3a81083c284e28ff4f7d92655d7c9e",
        "type": "github"
      },
      "original": {
        "owner": "airblade",
        "repo": "vim-rooter",
        "type": "github"
      }
    },
    "vim-sensible": {
      "flake": false,
      "locked": {
        "lastModified": 1680096714,
        "narHash": "sha256-wdbUjdR/lGP0v9gblgQXNaokMpUluLZrfujWTy1oXoI=",
        "owner": "tpope",
        "repo": "vim-sensible",
        "rev": "3e878abfd6ddc6fb5dba48b41f2b72c3a2f8249f",
        "type": "github"
      },
      "original": {
        "owner": "tpope",
        "repo": "vim-sensible",
        "type": "github"
      }
    },
    "vim-stylish-haskell": {
      "flake": false,
      "locked": {
        "lastModified": 1659950635,
        "narHash": "sha256-51RENZp53McViY5ZOeuB1A8B7FW9TFO5FEEUIvPEEWM=",
        "owner": "nbouscal",
        "repo": "vim-stylish-haskell",
        "rev": "60a59fd767956c40372b5aeab2d68a0a953ebb2b",
        "type": "github"
      },
      "original": {
        "owner": "nbouscal",
        "repo": "vim-stylish-haskell",
        "type": "github"
      }
    },
    "vim-surround": {
      "flake": false,
      "locked": {
        "lastModified": 1666730476,
        "narHash": "sha256-DZE5tkmnT+lAvx/RQHaDEgEJXRKsy56KJY919xiH1lE=",
        "owner": "tpope",
        "repo": "vim-surround",
        "rev": "3d188ed2113431cf8dac77be61b842acb64433d9",
        "type": "github"
      },
      "original": {
        "owner": "tpope",
        "repo": "vim-surround",
        "type": "github"
      }
    }
  },
  "root": "root",
  "version": 7
}
